// !$*UTF8*$!
{
	archiveVersion = 1;
	classes = {
	};
	objectVersion = 46;
	objects = {

/* Begin PBXBuildFile section */
		1BBDC3F9188930CC00EB2954 /* Foundation.framework in Frameworks */ = {isa = PBXBuildFile; fileRef = 1BBDC3F8188930CC00EB2954 /* Foundation.framework */; };
		1BBDC3FB188930CC00EB2954 /* CoreGraphics.framework in Frameworks */ = {isa = PBXBuildFile; fileRef = 1BBDC3FA188930CC00EB2954 /* CoreGraphics.framework */; };
		1BBDC3FD188930CC00EB2954 /* UIKit.framework in Frameworks */ = {isa = PBXBuildFile; fileRef = 1BBDC3FC188930CC00EB2954 /* UIKit.framework */; };
		1BBDC403188930CC00EB2954 /* InfoPlist.strings in Resources */ = {isa = PBXBuildFile; fileRef = 1BBDC401188930CC00EB2954 /* InfoPlist.strings */; };
		1BBDC405188930CC00EB2954 /* main.m in Sources */ = {isa = PBXBuildFile; fileRef = 1BBDC404188930CC00EB2954 /* main.m */; };
		1BBDC409188930CC00EB2954 /* JYAppDelegate.m in Sources */ = {isa = PBXBuildFile; fileRef = 1BBDC408188930CC00EB2954 /* JYAppDelegate.m */; };
		1BBDC40C188930CC00EB2954 /* Main.storyboard in Resources */ = {isa = PBXBuildFile; fileRef = 1BBDC40A188930CC00EB2954 /* Main.storyboard */; };
		1BBDC40F188930CC00EB2954 /* JYViewController.m in Sources */ = {isa = PBXBuildFile; fileRef = 1BBDC40E188930CC00EB2954 /* JYViewController.m */; };
		1BBDC411188930CC00EB2954 /* Images.xcassets in Resources */ = {isa = PBXBuildFile; fileRef = 1BBDC410188930CC00EB2954 /* Images.xcassets */; };
		1BBDC418188930CC00EB2954 /* XCTest.framework in Frameworks */ = {isa = PBXBuildFile; fileRef = 1BBDC417188930CC00EB2954 /* XCTest.framework */; };
		1BBDC419188930CC00EB2954 /* Foundation.framework in Frameworks */ = {isa = PBXBuildFile; fileRef = 1BBDC3F8188930CC00EB2954 /* Foundation.framework */; };
		1BBDC41A188930CC00EB2954 /* UIKit.framework in Frameworks */ = {isa = PBXBuildFile; fileRef = 1BBDC3FC188930CC00EB2954 /* UIKit.framework */; };
		1BBDC422188930CC00EB2954 /* InfoPlist.strings in Resources */ = {isa = PBXBuildFile; fileRef = 1BBDC420188930CC00EB2954 /* InfoPlist.strings */; };
		1BBDC424188930CC00EB2954 /* JYCalendarTests.m in Sources */ = {isa = PBXBuildFile; fileRef = 1BBDC423188930CC00EB2954 /* JYCalendarTests.m */; };
		1BBDC4301889318500EB2954 /* NSDate+JYCalendar.m in Sources */ = {isa = PBXBuildFile; fileRef = 1BBDC42F1889318500EB2954 /* NSDate+JYCalendar.m */; };
		1BBDC4331889344D00EB2954 /* NSString+JYCalendar.m in Sources */ = {isa = PBXBuildFile; fileRef = 1BBDC4321889344D00EB2954 /* NSString+JYCalendar.m */; };
		1BBDC43618896AB800EB2954 /* NSCalendar+JYCalendar.m in Sources */ = {isa = PBXBuildFile; fileRef = 1BBDC43518896AB800EB2954 /* NSCalendar+JYCalendar.m */; };
		1BBDC44018896EBC00EB2954 /* JYCalendarDataSource.m in Sources */ = {isa = PBXBuildFile; fileRef = 1BBDC43F18896EBC00EB2954 /* JYCalendarDataSource.m */; };
		1BBDC44918897CF400EB2954 /* JYCalendarUtil.m in Sources */ = {isa = PBXBuildFile; fileRef = 1BBDC44818897CF400EB2954 /* JYCalendarUtil.m */; };
		1BBDC44D188A5A6600EB2954 /* JYCalendarWeekCell.m in Sources */ = {isa = PBXBuildFile; fileRef = 1BBDC44C188A5A6600EB2954 /* JYCalendarWeekCell.m */; };
		1BBDC450188A5A7600EB2954 /* JYCalendarDetailCell.m in Sources */ = {isa = PBXBuildFile; fileRef = 1BBDC44F188A5A7600EB2954 /* JYCalendarDetailCell.m */; };
		1BBDC453188A5ADA00EB2954 /* JYCalendarTableView.m in Sources */ = {isa = PBXBuildFile; fileRef = 1BBDC452188A5ADA00EB2954 /* JYCalendarTableView.m */; };
		1BBDC456188A5B2400EB2954 /* JYCalendarViewController.m in Sources */ = {isa = PBXBuildFile; fileRef = 1BBDC455188A5B2400EB2954 /* JYCalendarViewController.m */; };
		1BBDC45A188A5C1400EB2954 /* JYCalendarDateView.m in Sources */ = {isa = PBXBuildFile; fileRef = 1BBDC459188A5C1400EB2954 /* JYCalendarDateView.m */; };
/* End PBXBuildFile section */

/* Begin PBXContainerItemProxy section */
		1BBDC41B188930CC00EB2954 /* PBXContainerItemProxy */ = {
			isa = PBXContainerItemProxy;
			containerPortal = 1BBDC3ED188930CC00EB2954 /* Project object */;
			proxyType = 1;
			remoteGlobalIDString = 1BBDC3F4188930CC00EB2954;
			remoteInfo = JYCalendar;
		};
/* End PBXContainerItemProxy section */

/* Begin PBXFileReference section */
		1BBDC3F5188930CC00EB2954 /* JYCalendar.app */ = {isa = PBXFileReference; explicitFileType = wrapper.application; includeInIndex = 0; path = JYCalendar.app; sourceTree = BUILT_PRODUCTS_DIR; };
		1BBDC3F8188930CC00EB2954 /* Foundation.framework */ = {isa = PBXFileReference; lastKnownFileType = wrapper.framework; name = Foundation.framework; path = System/Library/Frameworks/Foundation.framework; sourceTree = SDKROOT; };
		1BBDC3FA188930CC00EB2954 /* CoreGraphics.framework */ = {isa = PBXFileReference; lastKnownFileType = wrapper.framework; name = CoreGraphics.framework; path = System/Library/Frameworks/CoreGraphics.framework; sourceTree = SDKROOT; };
		1BBDC3FC188930CC00EB2954 /* UIKit.framework */ = {isa = PBXFileReference; lastKnownFileType = wrapper.framework; name = UIKit.framework; path = System/Library/Frameworks/UIKit.framework; sourceTree = SDKROOT; };
		1BBDC400188930CC00EB2954 /* JYCalendar-Info.plist */ = {isa = PBXFileReference; lastKnownFileType = text.plist.xml; path = "JYCalendar-Info.plist"; sourceTree = "<group>"; };
		1BBDC402188930CC00EB2954 /* en */ = {isa = PBXFileReference; lastKnownFileType = text.plist.strings; name = en; path = en.lproj/InfoPlist.strings; sourceTree = "<group>"; };
		1BBDC404188930CC00EB2954 /* main.m */ = {isa = PBXFileReference; lastKnownFileType = sourcecode.c.objc; path = main.m; sourceTree = "<group>"; };
		1BBDC406188930CC00EB2954 /* JYCalendar-Prefix.pch */ = {isa = PBXFileReference; lastKnownFileType = sourcecode.c.h; path = "JYCalendar-Prefix.pch"; sourceTree = "<group>"; };
		1BBDC407188930CC00EB2954 /* JYAppDelegate.h */ = {isa = PBXFileReference; lastKnownFileType = sourcecode.c.h; path = JYAppDelegate.h; sourceTree = "<group>"; };
		1BBDC408188930CC00EB2954 /* JYAppDelegate.m */ = {isa = PBXFileReference; lastKnownFileType = sourcecode.c.objc; path = JYAppDelegate.m; sourceTree = "<group>"; };
		1BBDC40B188930CC00EB2954 /* Base */ = {isa = PBXFileReference; lastKnownFileType = file.storyboard; name = Base; path = Base.lproj/Main.storyboard; sourceTree = "<group>"; };
		1BBDC40D188930CC00EB2954 /* JYViewController.h */ = {isa = PBXFileReference; lastKnownFileType = sourcecode.c.h; path = JYViewController.h; sourceTree = "<group>"; };
		1BBDC40E188930CC00EB2954 /* JYViewController.m */ = {isa = PBXFileReference; lastKnownFileType = sourcecode.c.objc; path = JYViewController.m; sourceTree = "<group>"; };
		1BBDC410188930CC00EB2954 /* Images.xcassets */ = {isa = PBXFileReference; lastKnownFileType = folder.assetcatalog; path = Images.xcassets; sourceTree = "<group>"; };
		1BBDC416188930CC00EB2954 /* JYCalendarTests.xctest */ = {isa = PBXFileReference; explicitFileType = wrapper.cfbundle; includeInIndex = 0; path = JYCalendarTests.xctest; sourceTree = BUILT_PRODUCTS_DIR; };
		1BBDC417188930CC00EB2954 /* XCTest.framework */ = {isa = PBXFileReference; lastKnownFileType = wrapper.framework; name = XCTest.framework; path = Library/Frameworks/XCTest.framework; sourceTree = DEVELOPER_DIR; };
		1BBDC41F188930CC00EB2954 /* JYCalendarTests-Info.plist */ = {isa = PBXFileReference; lastKnownFileType = text.plist.xml; path = "JYCalendarTests-Info.plist"; sourceTree = "<group>"; };
		1BBDC421188930CC00EB2954 /* en */ = {isa = PBXFileReference; lastKnownFileType = text.plist.strings; name = en; path = en.lproj/InfoPlist.strings; sourceTree = "<group>"; };
		1BBDC423188930CC00EB2954 /* JYCalendarTests.m */ = {isa = PBXFileReference; lastKnownFileType = sourcecode.c.objc; path = JYCalendarTests.m; sourceTree = "<group>"; };
		1BBDC42E1889318500EB2954 /* NSDate+JYCalendar.h */ = {isa = PBXFileReference; fileEncoding = 4; lastKnownFileType = sourcecode.c.h; path = "NSDate+JYCalendar.h"; sourceTree = "<group>"; };
		1BBDC42F1889318500EB2954 /* NSDate+JYCalendar.m */ = {isa = PBXFileReference; fileEncoding = 4; lastKnownFileType = sourcecode.c.objc; path = "NSDate+JYCalendar.m"; sourceTree = "<group>"; };
		1BBDC4311889344D00EB2954 /* NSString+JYCalendar.h */ = {isa = PBXFileReference; fileEncoding = 4; lastKnownFileType = sourcecode.c.h; path = "NSString+JYCalendar.h"; sourceTree = "<group>"; };
		1BBDC4321889344D00EB2954 /* NSString+JYCalendar.m */ = {isa = PBXFileReference; fileEncoding = 4; lastKnownFileType = sourcecode.c.objc; path = "NSString+JYCalendar.m"; sourceTree = "<group>"; };
		1BBDC43418896AB800EB2954 /* NSCalendar+JYCalendar.h */ = {isa = PBXFileReference; fileEncoding = 4; lastKnownFileType = sourcecode.c.h; path = "NSCalendar+JYCalendar.h"; sourceTree = "<group>"; };
		1BBDC43518896AB800EB2954 /* NSCalendar+JYCalendar.m */ = {isa = PBXFileReference; fileEncoding = 4; lastKnownFileType = sourcecode.c.objc; path = "NSCalendar+JYCalendar.m"; sourceTree = "<group>"; };
		1BBDC43E18896EBC00EB2954 /* JYCalendarDataSource.h */ = {isa = PBXFileReference; fileEncoding = 4; lastKnownFileType = sourcecode.c.h; path = JYCalendarDataSource.h; sourceTree = "<group>"; };
		1BBDC43F18896EBC00EB2954 /* JYCalendarDataSource.m */ = {isa = PBXFileReference; fileEncoding = 4; lastKnownFileType = sourcecode.c.objc; path = JYCalendarDataSource.m; sourceTree = "<group>"; };
		1BBDC44718897CF400EB2954 /* JYCalendarUtil.h */ = {isa = PBXFileReference; fileEncoding = 4; lastKnownFileType = sourcecode.c.h; path = JYCalendarUtil.h; sourceTree = "<group>"; };
		1BBDC44818897CF400EB2954 /* JYCalendarUtil.m */ = {isa = PBXFileReference; fileEncoding = 4; lastKnownFileType = sourcecode.c.objc; path = JYCalendarUtil.m; sourceTree = "<group>"; };
		1BBDC44B188A5A6600EB2954 /* JYCalendarWeekCell.h */ = {isa = PBXFileReference; fileEncoding = 4; lastKnownFileType = sourcecode.c.h; path = JYCalendarWeekCell.h; sourceTree = "<group>"; };
		1BBDC44C188A5A6600EB2954 /* JYCalendarWeekCell.m */ = {isa = PBXFileReference; fileEncoding = 4; lastKnownFileType = sourcecode.c.objc; path = JYCalendarWeekCell.m; sourceTree = "<group>"; };
		1BBDC44E188A5A7600EB2954 /* JYCalendarDetailCell.h */ = {isa = PBXFileReference; fileEncoding = 4; lastKnownFileType = sourcecode.c.h; path = JYCalendarDetailCell.h; sourceTree = "<group>"; };
		1BBDC44F188A5A7600EB2954 /* JYCalendarDetailCell.m */ = {isa = PBXFileReference; fileEncoding = 4; lastKnownFileType = sourcecode.c.objc; path = JYCalendarDetailCell.m; sourceTree = "<group>"; };
		1BBDC451188A5ADA00EB2954 /* JYCalendarTableView.h */ = {isa = PBXFileReference; fileEncoding = 4; lastKnownFileType = sourcecode.c.h; path = JYCalendarTableView.h; sourceTree = "<group>"; };
		1BBDC452188A5ADA00EB2954 /* JYCalendarTableView.m */ = {isa = PBXFileReference; fileEncoding = 4; lastKnownFileType = sourcecode.c.objc; path = JYCalendarTableView.m; sourceTree = "<group>"; };
		1BBDC454188A5B2400EB2954 /* JYCalendarViewController.h */ = {isa = PBXFileReference; fileEncoding = 4; lastKnownFileType = sourcecode.c.h; path = JYCalendarViewController.h; sourceTree = "<group>"; };
		1BBDC455188A5B2400EB2954 /* JYCalendarViewController.m */ = {isa = PBXFileReference; fileEncoding = 4; lastKnownFileType = sourcecode.c.objc; path = JYCalendarViewController.m; sourceTree = "<group>"; };
		1BBDC458188A5C1400EB2954 /* JYCalendarDateView.h */ = {isa = PBXFileReference; fileEncoding = 4; lastKnownFileType = sourcecode.c.h; path = JYCalendarDateView.h; sourceTree = "<group>"; };
		1BBDC459188A5C1400EB2954 /* JYCalendarDateView.m */ = {isa = PBXFileReference; fileEncoding = 4; lastKnownFileType = sourcecode.c.objc; path = JYCalendarDateView.m; sourceTree = "<group>"; };
/* End PBXFileReference section */

/* Begin PBXFrameworksBuildPhase section */
		1BBDC3F2188930CC00EB2954 /* Frameworks */ = {
			isa = PBXFrameworksBuildPhase;
			buildActionMask = 2147483647;
			files = (
				1BBDC3FB188930CC00EB2954 /* CoreGraphics.framework in Frameworks */,
				1BBDC3FD188930CC00EB2954 /* UIKit.framework in Frameworks */,
				1BBDC3F9188930CC00EB2954 /* Foundation.framework in Frameworks */,
			);
			runOnlyForDeploymentPostprocessing = 0;
		};
		1BBDC413188930CC00EB2954 /* Frameworks */ = {
			isa = PBXFrameworksBuildPhase;
			buildActionMask = 2147483647;
			files = (
				1BBDC418188930CC00EB2954 /* XCTest.framework in Frameworks */,
				1BBDC41A188930CC00EB2954 /* UIKit.framework in Frameworks */,
				1BBDC419188930CC00EB2954 /* Foundation.framework in Frameworks */,
			);
			runOnlyForDeploymentPostprocessing = 0;
		};
/* End PBXFrameworksBuildPhase section */

/* Begin PBXGroup section */
		1BBDC3EC188930CC00EB2954 = {
			isa = PBXGroup;
			children = (
				1BBDC3FE188930CC00EB2954 /* JYCalendar */,
				1BBDC41D188930CC00EB2954 /* JYCalendarTests */,
				1BBDC3F7188930CC00EB2954 /* Frameworks */,
				1BBDC3F6188930CC00EB2954 /* Products */,
			);
			sourceTree = "<group>";
		};
		1BBDC3F6188930CC00EB2954 /* Products */ = {
			isa = PBXGroup;
			children = (
				1BBDC3F5188930CC00EB2954 /* JYCalendar.app */,
				1BBDC416188930CC00EB2954 /* JYCalendarTests.xctest */,
			);
			name = Products;
			sourceTree = "<group>";
		};
		1BBDC3F7188930CC00EB2954 /* Frameworks */ = {
			isa = PBXGroup;
			children = (
				1BBDC3F8188930CC00EB2954 /* Foundation.framework */,
				1BBDC3FA188930CC00EB2954 /* CoreGraphics.framework */,
				1BBDC3FC188930CC00EB2954 /* UIKit.framework */,
				1BBDC417188930CC00EB2954 /* XCTest.framework */,
			);
			name = Frameworks;
			sourceTree = "<group>";
		};
		1BBDC3FE188930CC00EB2954 /* JYCalendar */ = {
			isa = PBXGroup;
			children = (
				1BBDC43718896B6800EB2954 /* Classes */,
				1BBDC42D1889314900EB2954 /* Categories */,
				1BBDC407188930CC00EB2954 /* JYAppDelegate.h */,
				1BBDC408188930CC00EB2954 /* JYAppDelegate.m */,
				1BBDC40A188930CC00EB2954 /* Main.storyboard */,
				1BBDC40D188930CC00EB2954 /* JYViewController.h */,
				1BBDC40E188930CC00EB2954 /* JYViewController.m */,
				1BBDC410188930CC00EB2954 /* Images.xcassets */,
				1BBDC3FF188930CC00EB2954 /* Supporting Files */,
			);
			path = JYCalendar;
			sourceTree = "<group>";
		};
		1BBDC3FF188930CC00EB2954 /* Supporting Files */ = {
			isa = PBXGroup;
			children = (
				1BBDC400188930CC00EB2954 /* JYCalendar-Info.plist */,
				1BBDC401188930CC00EB2954 /* InfoPlist.strings */,
				1BBDC404188930CC00EB2954 /* main.m */,
				1BBDC406188930CC00EB2954 /* JYCalendar-Prefix.pch */,
			);
			name = "Supporting Files";
			sourceTree = "<group>";
		};
		1BBDC41D188930CC00EB2954 /* JYCalendarTests */ = {
			isa = PBXGroup;
			children = (
				1BBDC423188930CC00EB2954 /* JYCalendarTests.m */,
				1BBDC41E188930CC00EB2954 /* Supporting Files */,
			);
			path = JYCalendarTests;
			sourceTree = "<group>";
		};
		1BBDC41E188930CC00EB2954 /* Supporting Files */ = {
			isa = PBXGroup;
			children = (
				1BBDC41F188930CC00EB2954 /* JYCalendarTests-Info.plist */,
				1BBDC420188930CC00EB2954 /* InfoPlist.strings */,
			);
			name = "Supporting Files";
			sourceTree = "<group>";
		};
		1BBDC42D1889314900EB2954 /* Categories */ = {
			isa = PBXGroup;
			children = (
				1BBDC42E1889318500EB2954 /* NSDate+JYCalendar.h */,
				1BBDC42F1889318500EB2954 /* NSDate+JYCalendar.m */,
				1BBDC4311889344D00EB2954 /* NSString+JYCalendar.h */,
				1BBDC4321889344D00EB2954 /* NSString+JYCalendar.m */,
				1BBDC43418896AB800EB2954 /* NSCalendar+JYCalendar.h */,
				1BBDC43518896AB800EB2954 /* NSCalendar+JYCalendar.m */,
			);
			name = Categories;
			sourceTree = "<group>";
		};
		1BBDC43718896B6800EB2954 /* Classes */ = {
			isa = PBXGroup;
			children = (
				1BBDC457188A5BF800EB2954 /* views */,
				1BBDC43E18896EBC00EB2954 /* JYCalendarDataSource.h */,
				1BBDC43F18896EBC00EB2954 /* JYCalendarDataSource.m */,
				1BBDC44718897CF400EB2954 /* JYCalendarUtil.h */,
				1BBDC44818897CF400EB2954 /* JYCalendarUtil.m */,
				1BBDC451188A5ADA00EB2954 /* JYCalendarTableView.h */,
				1BBDC452188A5ADA00EB2954 /* JYCalendarTableView.m */,
				1BBDC454188A5B2400EB2954 /* JYCalendarViewController.h */,
				1BBDC455188A5B2400EB2954 /* JYCalendarViewController.m */,
			);
			name = Classes;
			sourceTree = "<group>";
		};
		1BBDC44A188A5A4A00EB2954 /* cells */ = {
			isa = PBXGroup;
			children = (
				1BBDC44B188A5A6600EB2954 /* JYCalendarWeekCell.h */,
				1BBDC44C188A5A6600EB2954 /* JYCalendarWeekCell.m */,
				1BBDC44E188A5A7600EB2954 /* JYCalendarDetailCell.h */,
				1BBDC44F188A5A7600EB2954 /* JYCalendarDetailCell.m */,
			);
			name = cells;
			sourceTree = "<group>";
		};
		1BBDC457188A5BF800EB2954 /* views */ = {
			isa = PBXGroup;
			children = (
				1BBDC44A188A5A4A00EB2954 /* cells */,
				1BBDC458188A5C1400EB2954 /* JYCalendarDateView.h */,
				1BBDC459188A5C1400EB2954 /* JYCalendarDateView.m */,
			);
			name = views;
			sourceTree = "<group>";
		};
/* End PBXGroup section */

/* Begin PBXNativeTarget section */
		1BBDC3F4188930CC00EB2954 /* JYCalendar */ = {
			isa = PBXNativeTarget;
			buildConfigurationList = 1BBDC427188930CC00EB2954 /* Build configuration list for PBXNativeTarget "JYCalendar" */;
			buildPhases = (
				1BBDC3F1188930CC00EB2954 /* Sources */,
				1BBDC3F2188930CC00EB2954 /* Frameworks */,
				1BBDC3F3188930CC00EB2954 /* Resources */,
			);
			buildRules = (
			);
			dependencies = (
			);
			name = JYCalendar;
			productName = JYCalendar;
			productReference = 1BBDC3F5188930CC00EB2954 /* JYCalendar.app */;
			productType = "com.apple.product-type.application";
		};
		1BBDC415188930CC00EB2954 /* JYCalendarTests */ = {
			isa = PBXNativeTarget;
			buildConfigurationList = 1BBDC42A188930CC00EB2954 /* Build configuration list for PBXNativeTarget "JYCalendarTests" */;
			buildPhases = (
				1BBDC412188930CC00EB2954 /* Sources */,
				1BBDC413188930CC00EB2954 /* Frameworks */,
				1BBDC414188930CC00EB2954 /* Resources */,
			);
			buildRules = (
			);
			dependencies = (
				1BBDC41C188930CC00EB2954 /* PBXTargetDependency */,
			);
			name = JYCalendarTests;
			productName = JYCalendarTests;
			productReference = 1BBDC416188930CC00EB2954 /* JYCalendarTests.xctest */;
			productType = "com.apple.product-type.bundle.unit-test";
		};
/* End PBXNativeTarget section */

/* Begin PBXProject section */
		1BBDC3ED188930CC00EB2954 /* Project object */ = {
			isa = PBXProject;
			attributes = {
				CLASSPREFIX = JY;
				LastUpgradeCheck = 0500;
				ORGANIZATIONNAME = "Nanjing University";
				TargetAttributes = {
					1BBDC415188930CC00EB2954 = {
						TestTargetID = 1BBDC3F4188930CC00EB2954;
					};
				};
			};
			buildConfigurationList = 1BBDC3F0188930CC00EB2954 /* Build configuration list for PBXProject "JYCalendar" */;
			compatibilityVersion = "Xcode 3.2";
			developmentRegion = English;
			hasScannedForEncodings = 0;
			knownRegions = (
				en,
				Base,
			);
			mainGroup = 1BBDC3EC188930CC00EB2954;
			productRefGroup = 1BBDC3F6188930CC00EB2954 /* Products */;
			projectDirPath = "";
			projectRoot = "";
			targets = (
				1BBDC3F4188930CC00EB2954 /* JYCalendar */,
				1BBDC415188930CC00EB2954 /* JYCalendarTests */,
			);
		};
/* End PBXProject section */

/* Begin PBXResourcesBuildPhase section */
		1BBDC3F3188930CC00EB2954 /* Resources */ = {
			isa = PBXResourcesBuildPhase;
			buildActionMask = 2147483647;
			files = (
				1BBDC411188930CC00EB2954 /* Images.xcassets in Resources */,
				1BBDC403188930CC00EB2954 /* InfoPlist.strings in Resources */,
				1BBDC40C188930CC00EB2954 /* Main.storyboard in Resources */,
			);
			runOnlyForDeploymentPostprocessing = 0;
		};
		1BBDC414188930CC00EB2954 /* Resources */ = {
			isa = PBXResourcesBuildPhase;
			buildActionMask = 2147483647;
			files = (
				1BBDC422188930CC00EB2954 /* InfoPlist.strings in Resources */,
			);
			runOnlyForDeploymentPostprocessing = 0;
		};
/* End PBXResourcesBuildPhase section */

/* Begin PBXSourcesBuildPhase section */
		1BBDC3F1188930CC00EB2954 /* Sources */ = {
			isa = PBXSourcesBuildPhase;
			buildActionMask = 2147483647;
			files = (
				1BBDC405188930CC00EB2954 /* main.m in Sources */,
				1BBDC4331889344D00EB2954 /* NSString+JYCalendar.m in Sources */,
				1BBDC44018896EBC00EB2954 /* JYCalendarDataSource.m in Sources */,
				1BBDC44D188A5A6600EB2954 /* JYCalendarWeekCell.m in Sources */,
				1BBDC4301889318500EB2954 /* NSDate+JYCalendar.m in Sources */,
				1BBDC40F188930CC00EB2954 /* JYViewController.m in Sources */,
				1BBDC45A188A5C1400EB2954 /* JYCalendarDateView.m in Sources */,
				1BBDC450188A5A7600EB2954 /* JYCalendarDetailCell.m in Sources */,
				1BBDC453188A5ADA00EB2954 /* JYCalendarTableView.m in Sources */,
				1BBDC409188930CC00EB2954 /* JYAppDelegate.m in Sources */,
				1BBDC456188A5B2400EB2954 /* JYCalendarViewController.m in Sources */,
				1BBDC43618896AB800EB2954 /* NSCalendar+JYCalendar.m in Sources */,
				1BBDC44918897CF400EB2954 /* JYCalendarUtil.m in Sources */,
			);
			runOnlyForDeploymentPostprocessing = 0;
		};
		1BBDC412188930CC00EB2954 /* Sources */ = {
			isa = PBXSourcesBuildPhase;
			buildActionMask = 2147483647;
			files = (
				1BBDC424188930CC00EB2954 /* JYCalendarTests.m in Sources */,
			);
			runOnlyForDeploymentPostprocessing = 0;
		};
/* End PBXSourcesBuildPhase section */

/* Begin PBXTargetDependency section */
		1BBDC41C188930CC00EB2954 /* PBXTargetDependency */ = {
			isa = PBXTargetDependency;
			target = 1BBDC3F4188930CC00EB2954 /* JYCalendar */;
			targetProxy = 1BBDC41B188930CC00EB2954 /* PBXContainerItemProxy */;
		};
/* End PBXTargetDependency section */

/* Begin PBXVariantGroup section */
		1BBDC401188930CC00EB2954 /* InfoPlist.strings */ = {
			isa = PBXVariantGroup;
			children = (
				1BBDC402188930CC00EB2954 /* en */,
			);
			name = InfoPlist.strings;
			sourceTree = "<group>";
		};
		1BBDC40A188930CC00EB2954 /* Main.storyboard */ = {
			isa = PBXVariantGroup;
			children = (
				1BBDC40B188930CC00EB2954 /* Base */,
			);
			name = Main.storyboard;
			sourceTree = "<group>";
		};
		1BBDC420188930CC00EB2954 /* InfoPlist.strings */ = {
			isa = PBXVariantGroup;
			children = (
				1BBDC421188930CC00EB2954 /* en */,
			);
			name = InfoPlist.strings;
			sourceTree = "<group>";
		};
/* End PBXVariantGroup section */

/* Begin XCBuildConfiguration section */
		1BBDC425188930CC00EB2954 /* Debug */ = {
			isa = XCBuildConfiguration;
			buildSettings = {
				ALWAYS_SEARCH_USER_PATHS = NO;
				ARCHS = "$(ARCHS_STANDARD_INCLUDING_64_BIT)";
				CLANG_CXX_LANGUAGE_STANDARD = "gnu++0x";
				CLANG_CXX_LIBRARY = "libc++";
				CLANG_ENABLE_MODULES = YES;
				CLANG_ENABLE_OBJC_ARC = YES;
				CLANG_WARN_BOOL_CONVERSION = YES;
				CLANG_WARN_CONSTANT_CONVERSION = YES;
				CLANG_WARN_DIRECT_OBJC_ISA_USAGE = YES_ERROR;
				CLANG_WARN_EMPTY_BODY = YES;
				CLANG_WARN_ENUM_CONVERSION = YES;
				CLANG_WARN_INT_CONVERSION = YES;
				CLANG_WARN_OBJC_ROOT_CLASS = YES_ERROR;
				CLANG_WARN__DUPLICATE_METHOD_MATCH = YES;
				"CODE_SIGN_IDENTITY[sdk=iphoneos*]" = "iPhone Developer";
				COPY_PHASE_STRIP = NO;
				GCC_C_LANGUAGE_STANDARD = gnu99;
				GCC_DYNAMIC_NO_PIC = NO;
				GCC_OPTIMIZATION_LEVEL = 0;
				GCC_PREPROCESSOR_DEFINITIONS = (
					"DEBUG=1",
					"$(inherited)",
				);
				GCC_SYMBOLS_PRIVATE_EXTERN = NO;
				GCC_WARN_64_TO_32_BIT_CONVERSION = YES;
				GCC_WARN_ABOUT_RETURN_TYPE = YES_ERROR;
				GCC_WARN_UNDECLARED_SELECTOR = YES;
				GCC_WARN_UNINITIALIZED_AUTOS = YES;
				GCC_WARN_UNUSED_FUNCTION = YES;
				GCC_WARN_UNUSED_VARIABLE = YES;
				IPHONEOS_DEPLOYMENT_TARGET = 7.0;
				ONLY_ACTIVE_ARCH = YES;
				SDKROOT = iphoneos;
			};
			name = Debug;
		};
		1BBDC426188930CC00EB2954 /* Release */ = {
			isa = XCBuildConfiguration;
			buildSettings = {
				ALWAYS_SEARCH_USER_PATHS = NO;
				ARCHS = "$(ARCHS_STANDARD_INCLUDING_64_BIT)";
				CLANG_CXX_LANGUAGE_STANDARD = "gnu++0x";
				CLANG_CXX_LIBRARY = "libc++";
				CLANG_ENABLE_MODULES = YES;
				CLANG_ENABLE_OBJC_ARC = YES;
				CLANG_WARN_BOOL_CONVERSION = YES;
				CLANG_WARN_CONSTANT_CONVERSION = YES;
				CLANG_WARN_DIRECT_OBJC_ISA_USAGE = YES_ERROR;
				CLANG_WARN_EMPTY_BODY = YES;
				CLANG_WARN_ENUM_CONVERSION = YES;
				CLANG_WARN_INT_CONVERSION = YES;
				CLANG_WARN_OBJC_ROOT_CLASS = YES_ERROR;
				CLANG_WARN__DUPLICATE_METHOD_MATCH = YES;
				"CODE_SIGN_IDENTITY[sdk=iphoneos*]" = "iPhone Developer";
				COPY_PHASE_STRIP = YES;
				ENABLE_NS_ASSERTIONS = NO;
				GCC_C_LANGUAGE_STANDARD = gnu99;
				GCC_WARN_64_TO_32_BIT_CONVERSION = YES;
				GCC_WARN_ABOUT_RETURN_TYPE = YES_ERROR;
				GCC_WARN_UNDECLARED_SELECTOR = YES;
				GCC_WARN_UNINITIALIZED_AUTOS = YES;
				GCC_WARN_UNUSED_FUNCTION = YES;
				GCC_WARN_UNUSED_VARIABLE = YES;
				IPHONEOS_DEPLOYMENT_TARGET = 7.0;
				SDKROOT = iphoneos;
				VALIDATE_PRODUCT = YES;
			};
			name = Release;
		};
		1BBDC428188930CC00EB2954 /* Debug */ = {
			isa = XCBuildConfiguration;
			buildSettings = {
				ASSETCATALOG_COMPILER_APPICON_NAME = AppIcon;
				ASSETCATALOG_COMPILER_LAUNCHIMAGE_NAME = LaunchImage;
				GCC_PRECOMPILE_PREFIX_HEADER = YES;
				GCC_PREFIX_HEADER = "JYCalendar/JYCalendar-Prefix.pch";
				INFOPLIST_FILE = "JYCalendar/JYCalendar-Info.plist";
				PRODUCT_NAME = "$(TARGET_NAME)";
				WRAPPER_EXTENSION = app;
			};
			name = Debug;
		};
		1BBDC429188930CC00EB2954 /* Release */ = {
			isa = XCBuildConfiguration;
			buildSettings = {
				ASSETCATALOG_COMPILER_APPICON_NAME = AppIcon;
				ASSETCATALOG_COMPILER_LAUNCHIMAGE_NAME = LaunchImage;
				GCC_PRECOMPILE_PREFIX_HEADER = YES;
				GCC_PREFIX_HEADER = "JYCalendar/JYCalendar-Prefix.pch";
				INFOPLIST_FILE = "JYCalendar/JYCalendar-Info.plist";
				PRODUCT_NAME = "$(TARGET_NAME)";
				WRAPPER_EXTENSION = app;
			};
			name = Release;
		};
		1BBDC42B188930CC00EB2954 /* Debug */ = {
			isa = XCBuildConfiguration;
			buildSettings = {
				ARCHS = "$(ARCHS_STANDARD_INCLUDING_64_BIT)";
				BUNDLE_LOADER = "$(BUILT_PRODUCTS_DIR)/JYCalendar.app/JYCalendar";
				FRAMEWORK_SEARCH_PATHS = (
					"$(SDKROOT)/Developer/Library/Frameworks",
					"$(inherited)",
					"$(DEVELOPER_FRAMEWORKS_DIR)",
				);
				GCC_PRECOMPILE_PREFIX_HEADER = YES;
				GCC_PREFIX_HEADER = "JYCalendar/JYCalendar-Prefix.pch";
				GCC_PREPROCESSOR_DEFINITIONS = (
					"DEBUG=1",
					"$(inherited)",
				);
				INFOPLIST_FILE = "JYCalendarTests/JYCalendarTests-Info.plist";
				PRODUCT_NAME = "$(TARGET_NAME)";
				TEST_HOST = "$(BUNDLE_LOADER)";
				WRAPPER_EXTENSION = xctest;
			};
			name = Debug;
		};
		1BBDC42C188930CC00EB2954 /* Release */ = {
			isa = XCBuildConfiguration;
			buildSettings = {
				ARCHS = "$(ARCHS_STANDARD_INCLUDING_64_BIT)";
				BUNDLE_LOADER = "$(BUILT_PRODUCTS_DIR)/JYCalendar.app/JYCalendar";
				FRAMEWORK_SEARCH_PATHS = (
					"$(SDKROOT)/Developer/Library/Frameworks",
					"$(inherited)",
					"$(DEVELOPER_FRAMEWORKS_DIR)",
				);
				GCC_PRECOMPILE_PREFIX_HEADER = YES;
				GCC_PREFIX_HEADER = "JYCalendar/JYCalendar-Prefix.pch";
				INFOPLIST_FILE = "JYCalendarTests/JYCalendarTests-Info.plist";
				PRODUCT_NAME = "$(TARGET_NAME)";
				TEST_HOST = "$(BUNDLE_LOADER)";
				WRAPPER_EXTENSION = xctest;
			};
			name = Release;
		};
/* End XCBuildConfiguration section */

/* Begin XCConfigurationList section */
		1BBDC3F0188930CC00EB2954 /* Build configuration list for PBXProject "JYCalendar" */ = {
			isa = XCConfigurationList;
			buildConfigurations = (
				1BBDC425188930CC00EB2954 /* Debug */,
				1BBDC426188930CC00EB2954 /* Release */,
			);
			defaultConfigurationIsVisible = 0;
			defaultConfigurationName = Release;
		};
		1BBDC427188930CC00EB2954 /* Build configuration list for PBXNativeTarget "JYCalendar" */ = {
			isa = XCConfigurationList;
			buildConfigurations = (
				1BBDC428188930CC00EB2954 /* Debug */,
				1BBDC429188930CC00EB2954 /* Release */,
			);
			defaultConfigurationIsVisible = 0;
		};
		1BBDC42A188930CC00EB2954 /* Build configuration list for PBXNativeTarget "JYCalendarTests" */ = {
			isa = XCConfigurationList;
			buildConfigurations = (
				1BBDC42B188930CC00EB2954 /* Debug */,
				1BBDC42C188930CC00EB2954 /* Release */,
			);
			defaultConfigurationIsVisible = 0;
		};
/* End XCConfigurationList section */
	};
	rootObject = 1BBDC3ED188930CC00EB2954 /* Project object */;
}
