// !$*UTF8*$!
{
	archiveVersion = 1;
	classes = {
	};
	objectVersion = 46;
	objects = {

/* Begin PBXBuildFile section */
		1B8D8EE619A88A6B00B72EA5 /* Foundation.framework in Frameworks */ = {isa = PBXBuildFile; fileRef = 1B8D8EE519A88A6B00B72EA5 /* Foundation.framework */; };
		1B8D8EE819A88A6B00B72EA5 /* CoreGraphics.framework in Frameworks */ = {isa = PBXBuildFile; fileRef = 1B8D8EE719A88A6B00B72EA5 /* CoreGraphics.framework */; };
		1B8D8EEA19A88A6B00B72EA5 /* UIKit.framework in Frameworks */ = {isa = PBXBuildFile; fileRef = 1B8D8EE919A88A6B00B72EA5 /* UIKit.framework */; };
		1B8D8EF019A88A6B00B72EA5 /* InfoPlist.strings in Resources */ = {isa = PBXBuildFile; fileRef = 1B8D8EEE19A88A6B00B72EA5 /* InfoPlist.strings */; };
		1B8D8EF219A88A6B00B72EA5 /* main.m in Sources */ = {isa = PBXBuildFile; fileRef = 1B8D8EF119A88A6B00B72EA5 /* main.m */; };
		1B8D8EF619A88A6B00B72EA5 /* ISUAppDelegate.m in Sources */ = {isa = PBXBuildFile; fileRef = 1B8D8EF519A88A6B00B72EA5 /* ISUAppDelegate.m */; };
		1B8D8EF819A88A6B00B72EA5 /* Images.xcassets in Resources */ = {isa = PBXBuildFile; fileRef = 1B8D8EF719A88A6B00B72EA5 /* Images.xcassets */; };
		1B8D8EFF19A88A6B00B72EA5 /* XCTest.framework in Frameworks */ = {isa = PBXBuildFile; fileRef = 1B8D8EFE19A88A6B00B72EA5 /* XCTest.framework */; };
		1B8D8F0019A88A6B00B72EA5 /* Foundation.framework in Frameworks */ = {isa = PBXBuildFile; fileRef = 1B8D8EE519A88A6B00B72EA5 /* Foundation.framework */; };
		1B8D8F0119A88A6B00B72EA5 /* UIKit.framework in Frameworks */ = {isa = PBXBuildFile; fileRef = 1B8D8EE919A88A6B00B72EA5 /* UIKit.framework */; };
		1B8D8F0919A88A6B00B72EA5 /* InfoPlist.strings in Resources */ = {isa = PBXBuildFile; fileRef = 1B8D8F0719A88A6B00B72EA5 /* InfoPlist.strings */; };
		1B8D8F0B19A88A6B00B72EA5 /* JYCalendarDemoTests.m in Sources */ = {isa = PBXBuildFile; fileRef = 1B8D8F0A19A88A6B00B72EA5 /* JYCalendarDemoTests.m */; };
		1B8D8F7819A88B4100B72EA5 /* NSCalendar+JYCalendar.m in Sources */ = {isa = PBXBuildFile; fileRef = 1B8D8F1719A88B4000B72EA5 /* NSCalendar+JYCalendar.m */; };
		1B8D8F7919A88B4100B72EA5 /* NSDate+JYCalendar.m in Sources */ = {isa = PBXBuildFile; fileRef = 1B8D8F1919A88B4000B72EA5 /* NSDate+JYCalendar.m */; };
		1B8D8F7A19A88B4100B72EA5 /* NSString+JYCalendar.m in Sources */ = {isa = PBXBuildFile; fileRef = 1B8D8F1B19A88B4000B72EA5 /* NSString+JYCalendar.m */; };
		1B8D8F7B19A88B4100B72EA5 /* UIView+JYCalendar.m in Sources */ = {isa = PBXBuildFile; fileRef = 1B8D8F1D19A88B4000B72EA5 /* UIView+JYCalendar.m */; };
		1B8D8F7C19A88B4100B72EA5 /* JYCalendarViewController.m in Sources */ = {isa = PBXBuildFile; fileRef = 1B8D8F2019A88B4000B72EA5 /* JYCalendarViewController.m */; };
		1B8D8F7D19A88B4100B72EA5 /* JYClient.m in Sources */ = {isa = PBXBuildFile; fileRef = 1B8D8F2319A88B4000B72EA5 /* JYClient.m */; };
		1B8D8F7E19A88B4100B72EA5 /* JYCondition.m in Sources */ = {isa = PBXBuildFile; fileRef = 1B8D8F2519A88B4000B72EA5 /* JYCondition.m */; };
		1B8D8F7F19A88B4100B72EA5 /* JYDate.m in Sources */ = {isa = PBXBuildFile; fileRef = 1B8D8F2719A88B4000B72EA5 /* JYDate.m */; };
		1B8D8F8019A88B4100B72EA5 /* JYEvent.m in Sources */ = {isa = PBXBuildFile; fileRef = 1B8D8F2919A88B4000B72EA5 /* JYEvent.m */; };
		1B8D8F8119A88B4100B72EA5 /* JYWeatherManager.m in Sources */ = {isa = PBXBuildFile; fileRef = 1B8D8F2B19A88B4000B72EA5 /* JYWeatherManager.m */; };
		1B8D8F8219A88B4100B72EA5 /* clock@2x.png in Resources */ = {isa = PBXBuildFile; fileRef = 1B8D8F2F19A88B4000B72EA5 /* clock@2x.png */; };
		1B8D8F8319A88B4100B72EA5 /* clock_hand@2x.png in Resources */ = {isa = PBXBuildFile; fileRef = 1B8D8F3019A88B4000B72EA5 /* clock_hand@2x.png */; };
		1B8D8F8419A88B4100B72EA5 /* comm_bg_picker_time@2x.png in Resources */ = {isa = PBXBuildFile; fileRef = 1B8D8F3119A88B4000B72EA5 /* comm_bg_picker_time@2x.png */; };
		1B8D8F8519A88B4100B72EA5 /* comm_btn_popup_next_normal@2x.png in Resources */ = {isa = PBXBuildFile; fileRef = 1B8D8F3219A88B4000B72EA5 /* comm_btn_popup_next_normal@2x.png */; };
		1B8D8F8619A88B4100B72EA5 /* comm_btn_popup_next_press@2x.png in Resources */ = {isa = PBXBuildFile; fileRef = 1B8D8F3319A88B4000B72EA5 /* comm_btn_popup_next_press@2x.png */; };
		1B8D8F8719A88B4100B72EA5 /* comm_btn_popup_prev_normal@2x.png in Resources */ = {isa = PBXBuildFile; fileRef = 1B8D8F3419A88B4000B72EA5 /* comm_btn_popup_prev_normal@2x.png */; };
		1B8D8F8819A88B4100B72EA5 /* comm_btn_popup_prev_press@2x.png in Resources */ = {isa = PBXBuildFile; fileRef = 1B8D8F3519A88B4000B72EA5 /* comm_btn_popup_prev_press@2x.png */; };
		1B8D8F8919A88B4100B72EA5 /* comm_ico_timeline_all@2x.png in Resources */ = {isa = PBXBuildFile; fileRef = 1B8D8F3619A88B4000B72EA5 /* comm_ico_timeline_all@2x.png */; };
		1B8D8F8A19A88B4100B72EA5 /* comm_ico_timeline_am@2x.png in Resources */ = {isa = PBXBuildFile; fileRef = 1B8D8F3719A88B4000B72EA5 /* comm_ico_timeline_am@2x.png */; };
		1B8D8F8B19A88B4100B72EA5 /* comm_ico_timeline_pm@2x.png in Resources */ = {isa = PBXBuildFile; fileRef = 1B8D8F3819A88B4000B72EA5 /* comm_ico_timeline_pm@2x.png */; };
		1B8D8F8C19A88B4100B72EA5 /* detail_btn_write_normal@2x.png in Resources */ = {isa = PBXBuildFile; fileRef = 1B8D8F3919A88B4000B72EA5 /* detail_btn_write_normal@2x.png */; };
		1B8D8F8D19A88B4100B72EA5 /* detail_btn_write_press@2x.png in Resources */ = {isa = PBXBuildFile; fileRef = 1B8D8F3A19A88B4000B72EA5 /* detail_btn_write_press@2x.png */; };
		1B8D8F8E19A88B4100B72EA5 /* detail_ico_schedule_none@2x.png in Resources */ = {isa = PBXBuildFile; fileRef = 1B8D8F3B19A88B4000B72EA5 /* detail_ico_schedule_none@2x.png */; };
		1B8D8F8F19A88B4100B72EA5 /* gnb_btn_menu_normal@2x.png in Resources */ = {isa = PBXBuildFile; fileRef = 1B8D8F3C19A88B4000B72EA5 /* gnb_btn_menu_normal@2x.png */; };
		1B8D8F9019A88B4100B72EA5 /* gnb_btn_menu_press@2x.png in Resources */ = {isa = PBXBuildFile; fileRef = 1B8D8F3D19A88B4000B72EA5 /* gnb_btn_menu_press@2x.png */; };
		1B8D8F9119A88B4100B72EA5 /* gnb_btn_today_normal@2x.png in Resources */ = {isa = PBXBuildFile; fileRef = 1B8D8F3E19A88B4000B72EA5 /* gnb_btn_today_normal@2x.png */; };
		1B8D8F9219A88B4100B72EA5 /* gnb_btn_today_press@2x.png in Resources */ = {isa = PBXBuildFile; fileRef = 1B8D8F3F19A88B4000B72EA5 /* gnb_btn_today_press@2x.png */; };
		1B8D8F9319A88B4100B72EA5 /* menu_bg_loading@2x.png in Resources */ = {isa = PBXBuildFile; fileRef = 1B8D8F4019A88B4000B72EA5 /* menu_bg_loading@2x.png */; };
		1B8D8F9419A88B4100B72EA5 /* menu_btn_close_normal@2x.png in Resources */ = {isa = PBXBuildFile; fileRef = 1B8D8F4119A88B4000B72EA5 /* menu_btn_close_normal@2x.png */; };
		1B8D8F9519A88B4100B72EA5 /* menu_btn_close_press@2x.png in Resources */ = {isa = PBXBuildFile; fileRef = 1B8D8F4219A88B4000B72EA5 /* menu_btn_close_press@2x.png */; };
		1B8D8F9619A88B4100B72EA5 /* menu_btn_setting_normal@2x.png in Resources */ = {isa = PBXBuildFile; fileRef = 1B8D8F4319A88B4000B72EA5 /* menu_btn_setting_normal@2x.png */; };
		1B8D8F9719A88B4100B72EA5 /* menu_btn_setting_press@2x.png in Resources */ = {isa = PBXBuildFile; fileRef = 1B8D8F4419A88B4000B72EA5 /* menu_btn_setting_press@2x.png */; };
		1B8D8F9819A88B4100B72EA5 /* menu_div_line@2x.png in Resources */ = {isa = PBXBuildFile; fileRef = 1B8D8F4519A88B4000B72EA5 /* menu_div_line@2x.png */; };
		1B8D8F9919A88B4100B72EA5 /* menu_ico_calendar_normal@2x.png in Resources */ = {isa = PBXBuildFile; fileRef = 1B8D8F4619A88B4000B72EA5 /* menu_ico_calendar_normal@2x.png */; };
		1B8D8F9A19A88B4100B72EA5 /* menu_ico_calendar_press@2x.png in Resources */ = {isa = PBXBuildFile; fileRef = 1B8D8F4719A88B4000B72EA5 /* menu_ico_calendar_press@2x.png */; };
		1B8D8F9B19A88B4100B72EA5 /* menu_ico_day_normal@2x.png in Resources */ = {isa = PBXBuildFile; fileRef = 1B8D8F4819A88B4000B72EA5 /* menu_ico_day_normal@2x.png */; };
		1B8D8F9C19A88B4100B72EA5 /* menu_ico_day_press@2x.png in Resources */ = {isa = PBXBuildFile; fileRef = 1B8D8F4919A88B4000B72EA5 /* menu_ico_day_press@2x.png */; };
		1B8D8F9D19A88B4100B72EA5 /* menu_ico_list_normal@2x.png in Resources */ = {isa = PBXBuildFile; fileRef = 1B8D8F4A19A88B4000B72EA5 /* menu_ico_list_normal@2x.png */; };
		1B8D8F9E19A88B4100B72EA5 /* menu_ico_list_press@2x.png in Resources */ = {isa = PBXBuildFile; fileRef = 1B8D8F4B19A88B4000B72EA5 /* menu_ico_list_press@2x.png */; };
		1B8D8F9F19A88B4100B72EA5 /* menu_ico_month_normal@2x.png in Resources */ = {isa = PBXBuildFile; fileRef = 1B8D8F4C19A88B4000B72EA5 /* menu_ico_month_normal@2x.png */; };
		1B8D8FA019A88B4100B72EA5 /* menu_ico_month_press@2x.png in Resources */ = {isa = PBXBuildFile; fileRef = 1B8D8F4D19A88B4000B72EA5 /* menu_ico_month_press@2x.png */; };
		1B8D8FA119A88B4100B72EA5 /* weather-broken@2x.png in Resources */ = {isa = PBXBuildFile; fileRef = 1B8D8F4F19A88B4000B72EA5 /* weather-broken@2x.png */; };
		1B8D8FA219A88B4100B72EA5 /* weather-clear@2x.png in Resources */ = {isa = PBXBuildFile; fileRef = 1B8D8F5019A88B4000B72EA5 /* weather-clear@2x.png */; };
		1B8D8FA319A88B4100B72EA5 /* weather-few-night@2x.png in Resources */ = {isa = PBXBuildFile; fileRef = 1B8D8F5119A88B4000B72EA5 /* weather-few-night@2x.png */; };
		1B8D8FA419A88B4100B72EA5 /* weather-few@2x.png in Resources */ = {isa = PBXBuildFile; fileRef = 1B8D8F5219A88B4000B72EA5 /* weather-few@2x.png */; };
		1B8D8FA519A88B4100B72EA5 /* weather-mist@2x.png in Resources */ = {isa = PBXBuildFile; fileRef = 1B8D8F5319A88B4000B72EA5 /* weather-mist@2x.png */; };
		1B8D8FA619A88B4100B72EA5 /* weather-moon@2x.png in Resources */ = {isa = PBXBuildFile; fileRef = 1B8D8F5419A88B4000B72EA5 /* weather-moon@2x.png */; };
		1B8D8FA719A88B4100B72EA5 /* weather-rain-night@2x.png in Resources */ = {isa = PBXBuildFile; fileRef = 1B8D8F5519A88B4000B72EA5 /* weather-rain-night@2x.png */; };
		1B8D8FA819A88B4100B72EA5 /* weather-rain@2x.png in Resources */ = {isa = PBXBuildFile; fileRef = 1B8D8F5619A88B4000B72EA5 /* weather-rain@2x.png */; };
		1B8D8FA919A88B4100B72EA5 /* weather-scattered@2x.png in Resources */ = {isa = PBXBuildFile; fileRef = 1B8D8F5719A88B4000B72EA5 /* weather-scattered@2x.png */; };
		1B8D8FAA19A88B4100B72EA5 /* weather-shower@2x.png in Resources */ = {isa = PBXBuildFile; fileRef = 1B8D8F5819A88B4000B72EA5 /* weather-shower@2x.png */; };
		1B8D8FAB19A88B4100B72EA5 /* weather-snow@2x.png in Resources */ = {isa = PBXBuildFile; fileRef = 1B8D8F5919A88B4000B72EA5 /* weather-snow@2x.png */; };
		1B8D8FAC19A88B4100B72EA5 /* weather-tstorm@2x.png in Resources */ = {isa = PBXBuildFile; fileRef = 1B8D8F5A19A88B4000B72EA5 /* weather-tstorm@2x.png */; };
		1B8D8FAD19A88B4100B72EA5 /* JYCalendarUtil.m in Sources */ = {isa = PBXBuildFile; fileRef = 1B8D8F5D19A88B4000B72EA5 /* JYCalendarUtil.m */; };
		1B8D8FAE19A88B4100B72EA5 /* JYCalendarMonthPickerLayout.m in Sources */ = {isa = PBXBuildFile; fileRef = 1B8D8F6119A88B4000B72EA5 /* JYCalendarMonthPickerLayout.m */; };
		1B8D8FAF19A88B4100B72EA5 /* JYCalendarMonthPickerView.m in Sources */ = {isa = PBXBuildFile; fileRef = 1B8D8F6319A88B4000B72EA5 /* JYCalendarMonthPickerView.m */; };
		1B8D8FB019A88B4100B72EA5 /* JYCalendarMonthPickerViewCell.m in Sources */ = {isa = PBXBuildFile; fileRef = 1B8D8F6519A88B4000B72EA5 /* JYCalendarMonthPickerViewCell.m */; };
		1B8D8FB119A88B4100B72EA5 /* JYCalendarDateDetailEmptyCell.m in Sources */ = {isa = PBXBuildFile; fileRef = 1B8D8F6819A88B4000B72EA5 /* JYCalendarDateDetailEmptyCell.m */; };
		1B8D8FB219A88B4100B72EA5 /* JYCalendarDateDetailListCell.m in Sources */ = {isa = PBXBuildFile; fileRef = 1B8D8F6A19A88B4000B72EA5 /* JYCalendarDateDetailListCell.m */; };
		1B8D8FB319A88B4100B72EA5 /* JYCalendarDateView.m in Sources */ = {isa = PBXBuildFile; fileRef = 1B8D8F6C19A88B4000B72EA5 /* JYCalendarDateView.m */; };
		1B8D8FB419A88B4100B72EA5 /* JYCalendarMonthCell.m in Sources */ = {isa = PBXBuildFile; fileRef = 1B8D8F6E19A88B4000B72EA5 /* JYCalendarMonthCell.m */; };
		1B8D8FB519A88B4100B72EA5 /* JYCalendarTitleView.m in Sources */ = {isa = PBXBuildFile; fileRef = 1B8D8F7019A88B4000B72EA5 /* JYCalendarTitleView.m */; };
		1B8D8FB619A88B4100B72EA5 /* JYCalendarWeekDetailView.m in Sources */ = {isa = PBXBuildFile; fileRef = 1B8D8F7219A88B4100B72EA5 /* JYCalendarWeekDetailView.m */; };
		1B8D8FB719A88B4100B72EA5 /* JYCalendarWeekView.m in Sources */ = {isa = PBXBuildFile; fileRef = 1B8D8F7419A88B4100B72EA5 /* JYCalendarWeekView.m */; };
		1B8D8FB819A88B4100B72EA5 /* JYCalendarMenuView.m in Sources */ = {isa = PBXBuildFile; fileRef = 1B8D8F7719A88B4100B72EA5 /* JYCalendarMenuView.m */; };
		7B3EF61C3E974614912EE745 /* libPods.a in Frameworks */ = {isa = PBXBuildFile; fileRef = 3E8025D156264A94B8A692B9 /* libPods.a */; };
/* End PBXBuildFile section */

/* Begin PBXContainerItemProxy section */
		1B8D8F0219A88A6B00B72EA5 /* PBXContainerItemProxy */ = {
			isa = PBXContainerItemProxy;
			containerPortal = 1B8D8EDA19A88A6B00B72EA5 /* Project object */;
			proxyType = 1;
			remoteGlobalIDString = 1B8D8EE119A88A6B00B72EA5;
			remoteInfo = JYCalendarDemo;
		};
/* End PBXContainerItemProxy section */

/* Begin PBXFileReference section */
		1B8D8EE219A88A6B00B72EA5 /* JYCalendarDemo.app */ = {isa = PBXFileReference; explicitFileType = wrapper.application; includeInIndex = 0; path = JYCalendarDemo.app; sourceTree = BUILT_PRODUCTS_DIR; };
		1B8D8EE519A88A6B00B72EA5 /* Foundation.framework */ = {isa = PBXFileReference; lastKnownFileType = wrapper.framework; name = Foundation.framework; path = System/Library/Frameworks/Foundation.framework; sourceTree = SDKROOT; };
		1B8D8EE719A88A6B00B72EA5 /* CoreGraphics.framework */ = {isa = PBXFileReference; lastKnownFileType = wrapper.framework; name = CoreGraphics.framework; path = System/Library/Frameworks/CoreGraphics.framework; sourceTree = SDKROOT; };
		1B8D8EE919A88A6B00B72EA5 /* UIKit.framework */ = {isa = PBXFileReference; lastKnownFileType = wrapper.framework; name = UIKit.framework; path = System/Library/Frameworks/UIKit.framework; sourceTree = SDKROOT; };
		1B8D8EED19A88A6B00B72EA5 /* JYCalendarDemo-Info.plist */ = {isa = PBXFileReference; lastKnownFileType = text.plist.xml; path = "JYCalendarDemo-Info.plist"; sourceTree = "<group>"; };
		1B8D8EEF19A88A6B00B72EA5 /* en */ = {isa = PBXFileReference; lastKnownFileType = text.plist.strings; name = en; path = en.lproj/InfoPlist.strings; sourceTree = "<group>"; };
		1B8D8EF119A88A6B00B72EA5 /* main.m */ = {isa = PBXFileReference; lastKnownFileType = sourcecode.c.objc; path = main.m; sourceTree = "<group>"; };
		1B8D8EF319A88A6B00B72EA5 /* JYCalendarDemo-Prefix.pch */ = {isa = PBXFileReference; lastKnownFileType = sourcecode.c.h; path = "JYCalendarDemo-Prefix.pch"; sourceTree = "<group>"; };
		1B8D8EF419A88A6B00B72EA5 /* ISUAppDelegate.h */ = {isa = PBXFileReference; lastKnownFileType = sourcecode.c.h; path = ISUAppDelegate.h; sourceTree = "<group>"; };
		1B8D8EF519A88A6B00B72EA5 /* ISUAppDelegate.m */ = {isa = PBXFileReference; lastKnownFileType = sourcecode.c.objc; path = ISUAppDelegate.m; sourceTree = "<group>"; };
		1B8D8EF719A88A6B00B72EA5 /* Images.xcassets */ = {isa = PBXFileReference; lastKnownFileType = folder.assetcatalog; path = Images.xcassets; sourceTree = "<group>"; };
		1B8D8EFD19A88A6B00B72EA5 /* JYCalendarDemoTests.xctest */ = {isa = PBXFileReference; explicitFileType = wrapper.cfbundle; includeInIndex = 0; path = JYCalendarDemoTests.xctest; sourceTree = BUILT_PRODUCTS_DIR; };
		1B8D8EFE19A88A6B00B72EA5 /* XCTest.framework */ = {isa = PBXFileReference; lastKnownFileType = wrapper.framework; name = XCTest.framework; path = Library/Frameworks/XCTest.framework; sourceTree = DEVELOPER_DIR; };
		1B8D8F0619A88A6B00B72EA5 /* JYCalendarDemoTests-Info.plist */ = {isa = PBXFileReference; lastKnownFileType = text.plist.xml; path = "JYCalendarDemoTests-Info.plist"; sourceTree = "<group>"; };
		1B8D8F0819A88A6B00B72EA5 /* en */ = {isa = PBXFileReference; lastKnownFileType = text.plist.strings; name = en; path = en.lproj/InfoPlist.strings; sourceTree = "<group>"; };
		1B8D8F0A19A88A6B00B72EA5 /* JYCalendarDemoTests.m */ = {isa = PBXFileReference; lastKnownFileType = sourcecode.c.objc; path = JYCalendarDemoTests.m; sourceTree = "<group>"; };
		1B8D8F1619A88B4000B72EA5 /* NSCalendar+JYCalendar.h */ = {isa = PBXFileReference; fileEncoding = 4; lastKnownFileType = sourcecode.c.h; path = "NSCalendar+JYCalendar.h"; sourceTree = "<group>"; };
		1B8D8F1719A88B4000B72EA5 /* NSCalendar+JYCalendar.m */ = {isa = PBXFileReference; fileEncoding = 4; lastKnownFileType = sourcecode.c.objc; path = "NSCalendar+JYCalendar.m"; sourceTree = "<group>"; };
		1B8D8F1819A88B4000B72EA5 /* NSDate+JYCalendar.h */ = {isa = PBXFileReference; fileEncoding = 4; lastKnownFileType = sourcecode.c.h; path = "NSDate+JYCalendar.h"; sourceTree = "<group>"; };
		1B8D8F1919A88B4000B72EA5 /* NSDate+JYCalendar.m */ = {isa = PBXFileReference; fileEncoding = 4; lastKnownFileType = sourcecode.c.objc; path = "NSDate+JYCalendar.m"; sourceTree = "<group>"; };
		1B8D8F1A19A88B4000B72EA5 /* NSString+JYCalendar.h */ = {isa = PBXFileReference; fileEncoding = 4; lastKnownFileType = sourcecode.c.h; path = "NSString+JYCalendar.h"; sourceTree = "<group>"; };
		1B8D8F1B19A88B4000B72EA5 /* NSString+JYCalendar.m */ = {isa = PBXFileReference; fileEncoding = 4; lastKnownFileType = sourcecode.c.objc; path = "NSString+JYCalendar.m"; sourceTree = "<group>"; };
		1B8D8F1C19A88B4000B72EA5 /* UIView+JYCalendar.h */ = {isa = PBXFileReference; fileEncoding = 4; lastKnownFileType = sourcecode.c.h; path = "UIView+JYCalendar.h"; sourceTree = "<group>"; };
		1B8D8F1D19A88B4000B72EA5 /* UIView+JYCalendar.m */ = {isa = PBXFileReference; fileEncoding = 4; lastKnownFileType = sourcecode.c.objc; path = "UIView+JYCalendar.m"; sourceTree = "<group>"; };
		1B8D8F1F19A88B4000B72EA5 /* JYCalendarViewController.h */ = {isa = PBXFileReference; fileEncoding = 4; lastKnownFileType = sourcecode.c.h; path = JYCalendarViewController.h; sourceTree = "<group>"; };
		1B8D8F2019A88B4000B72EA5 /* JYCalendarViewController.m */ = {isa = PBXFileReference; fileEncoding = 4; lastKnownFileType = sourcecode.c.objc; path = JYCalendarViewController.m; sourceTree = "<group>"; };
		1B8D8F2219A88B4000B72EA5 /* JYClient.h */ = {isa = PBXFileReference; fileEncoding = 4; lastKnownFileType = sourcecode.c.h; path = JYClient.h; sourceTree = "<group>"; };
		1B8D8F2319A88B4000B72EA5 /* JYClient.m */ = {isa = PBXFileReference; fileEncoding = 4; lastKnownFileType = sourcecode.c.objc; path = JYClient.m; sourceTree = "<group>"; };
		1B8D8F2419A88B4000B72EA5 /* JYCondition.h */ = {isa = PBXFileReference; fileEncoding = 4; lastKnownFileType = sourcecode.c.h; path = JYCondition.h; sourceTree = "<group>"; };
		1B8D8F2519A88B4000B72EA5 /* JYCondition.m */ = {isa = PBXFileReference; fileEncoding = 4; lastKnownFileType = sourcecode.c.objc; path = JYCondition.m; sourceTree = "<group>"; };
		1B8D8F2619A88B4000B72EA5 /* JYDate.h */ = {isa = PBXFileReference; fileEncoding = 4; lastKnownFileType = sourcecode.c.h; path = JYDate.h; sourceTree = "<group>"; };
		1B8D8F2719A88B4000B72EA5 /* JYDate.m */ = {isa = PBXFileReference; fileEncoding = 4; lastKnownFileType = sourcecode.c.objc; path = JYDate.m; sourceTree = "<group>"; };
		1B8D8F2819A88B4000B72EA5 /* JYEvent.h */ = {isa = PBXFileReference; fileEncoding = 4; lastKnownFileType = sourcecode.c.h; path = JYEvent.h; sourceTree = "<group>"; };
		1B8D8F2919A88B4000B72EA5 /* JYEvent.m */ = {isa = PBXFileReference; fileEncoding = 4; lastKnownFileType = sourcecode.c.objc; path = JYEvent.m; sourceTree = "<group>"; };
		1B8D8F2A19A88B4000B72EA5 /* JYWeatherManager.h */ = {isa = PBXFileReference; fileEncoding = 4; lastKnownFileType = sourcecode.c.h; path = JYWeatherManager.h; sourceTree = "<group>"; };
		1B8D8F2B19A88B4000B72EA5 /* JYWeatherManager.m */ = {isa = PBXFileReference; fileEncoding = 4; lastKnownFileType = sourcecode.c.objc; path = JYWeatherManager.m; sourceTree = "<group>"; };
		1B8D8F2F19A88B4000B72EA5 /* clock@2x.png */ = {isa = PBXFileReference; lastKnownFileType = image.png; path = "clock@2x.png"; sourceTree = "<group>"; };
		1B8D8F3019A88B4000B72EA5 /* clock_hand@2x.png */ = {isa = PBXFileReference; lastKnownFileType = image.png; path = "clock_hand@2x.png"; sourceTree = "<group>"; };
		1B8D8F3119A88B4000B72EA5 /* comm_bg_picker_time@2x.png */ = {isa = PBXFileReference; lastKnownFileType = image.png; path = "comm_bg_picker_time@2x.png"; sourceTree = "<group>"; };
		1B8D8F3219A88B4000B72EA5 /* comm_btn_popup_next_normal@2x.png */ = {isa = PBXFileReference; lastKnownFileType = image.png; path = "comm_btn_popup_next_normal@2x.png"; sourceTree = "<group>"; };
		1B8D8F3319A88B4000B72EA5 /* comm_btn_popup_next_press@2x.png */ = {isa = PBXFileReference; lastKnownFileType = image.png; path = "comm_btn_popup_next_press@2x.png"; sourceTree = "<group>"; };
		1B8D8F3419A88B4000B72EA5 /* comm_btn_popup_prev_normal@2x.png */ = {isa = PBXFileReference; lastKnownFileType = image.png; path = "comm_btn_popup_prev_normal@2x.png"; sourceTree = "<group>"; };
		1B8D8F3519A88B4000B72EA5 /* comm_btn_popup_prev_press@2x.png */ = {isa = PBXFileReference; lastKnownFileType = image.png; path = "comm_btn_popup_prev_press@2x.png"; sourceTree = "<group>"; };
		1B8D8F3619A88B4000B72EA5 /* comm_ico_timeline_all@2x.png */ = {isa = PBXFileReference; lastKnownFileType = image.png; path = "comm_ico_timeline_all@2x.png"; sourceTree = "<group>"; };
		1B8D8F3719A88B4000B72EA5 /* comm_ico_timeline_am@2x.png */ = {isa = PBXFileReference; lastKnownFileType = image.png; path = "comm_ico_timeline_am@2x.png"; sourceTree = "<group>"; };
		1B8D8F3819A88B4000B72EA5 /* comm_ico_timeline_pm@2x.png */ = {isa = PBXFileReference; lastKnownFileType = image.png; path = "comm_ico_timeline_pm@2x.png"; sourceTree = "<group>"; };
		1B8D8F3919A88B4000B72EA5 /* detail_btn_write_normal@2x.png */ = {isa = PBXFileReference; lastKnownFileType = image.png; path = "detail_btn_write_normal@2x.png"; sourceTree = "<group>"; };
		1B8D8F3A19A88B4000B72EA5 /* detail_btn_write_press@2x.png */ = {isa = PBXFileReference; lastKnownFileType = image.png; path = "detail_btn_write_press@2x.png"; sourceTree = "<group>"; };
		1B8D8F3B19A88B4000B72EA5 /* detail_ico_schedule_none@2x.png */ = {isa = PBXFileReference; lastKnownFileType = image.png; path = "detail_ico_schedule_none@2x.png"; sourceTree = "<group>"; };
		1B8D8F3C19A88B4000B72EA5 /* gnb_btn_menu_normal@2x.png */ = {isa = PBXFileReference; lastKnownFileType = image.png; path = "gnb_btn_menu_normal@2x.png"; sourceTree = "<group>"; };
		1B8D8F3D19A88B4000B72EA5 /* gnb_btn_menu_press@2x.png */ = {isa = PBXFileReference; lastKnownFileType = image.png; path = "gnb_btn_menu_press@2x.png"; sourceTree = "<group>"; };
		1B8D8F3E19A88B4000B72EA5 /* gnb_btn_today_normal@2x.png */ = {isa = PBXFileReference; lastKnownFileType = image.png; path = "gnb_btn_today_normal@2x.png"; sourceTree = "<group>"; };
		1B8D8F3F19A88B4000B72EA5 /* gnb_btn_today_press@2x.png */ = {isa = PBXFileReference; lastKnownFileType = image.png; path = "gnb_btn_today_press@2x.png"; sourceTree = "<group>"; };
		1B8D8F4019A88B4000B72EA5 /* menu_bg_loading@2x.png */ = {isa = PBXFileReference; lastKnownFileType = image.png; path = "menu_bg_loading@2x.png"; sourceTree = "<group>"; };
		1B8D8F4119A88B4000B72EA5 /* menu_btn_close_normal@2x.png */ = {isa = PBXFileReference; lastKnownFileType = image.png; path = "menu_btn_close_normal@2x.png"; sourceTree = "<group>"; };
		1B8D8F4219A88B4000B72EA5 /* menu_btn_close_press@2x.png */ = {isa = PBXFileReference; lastKnownFileType = image.png; path = "menu_btn_close_press@2x.png"; sourceTree = "<group>"; };
		1B8D8F4319A88B4000B72EA5 /* menu_btn_setting_normal@2x.png */ = {isa = PBXFileReference; lastKnownFileType = image.png; path = "menu_btn_setting_normal@2x.png"; sourceTree = "<group>"; };
		1B8D8F4419A88B4000B72EA5 /* menu_btn_setting_press@2x.png */ = {isa = PBXFileReference; lastKnownFileType = image.png; path = "menu_btn_setting_press@2x.png"; sourceTree = "<group>"; };
		1B8D8F4519A88B4000B72EA5 /* menu_div_line@2x.png */ = {isa = PBXFileReference; lastKnownFileType = image.png; path = "menu_div_line@2x.png"; sourceTree = "<group>"; };
		1B8D8F4619A88B4000B72EA5 /* menu_ico_calendar_normal@2x.png */ = {isa = PBXFileReference; lastKnownFileType = image.png; path = "menu_ico_calendar_normal@2x.png"; sourceTree = "<group>"; };
		1B8D8F4719A88B4000B72EA5 /* menu_ico_calendar_press@2x.png */ = {isa = PBXFileReference; lastKnownFileType = image.png; path = "menu_ico_calendar_press@2x.png"; sourceTree = "<group>"; };
		1B8D8F4819A88B4000B72EA5 /* menu_ico_day_normal@2x.png */ = {isa = PBXFileReference; lastKnownFileType = image.png; path = "menu_ico_day_normal@2x.png"; sourceTree = "<group>"; };
		1B8D8F4919A88B4000B72EA5 /* menu_ico_day_press@2x.png */ = {isa = PBXFileReference; lastKnownFileType = image.png; path = "menu_ico_day_press@2x.png"; sourceTree = "<group>"; };
		1B8D8F4A19A88B4000B72EA5 /* menu_ico_list_normal@2x.png */ = {isa = PBXFileReference; lastKnownFileType = image.png; path = "menu_ico_list_normal@2x.png"; sourceTree = "<group>"; };
		1B8D8F4B19A88B4000B72EA5 /* menu_ico_list_press@2x.png */ = {isa = PBXFileReference; lastKnownFileType = image.png; path = "menu_ico_list_press@2x.png"; sourceTree = "<group>"; };
		1B8D8F4C19A88B4000B72EA5 /* menu_ico_month_normal@2x.png */ = {isa = PBXFileReference; lastKnownFileType = image.png; path = "menu_ico_month_normal@2x.png"; sourceTree = "<group>"; };
		1B8D8F4D19A88B4000B72EA5 /* menu_ico_month_press@2x.png */ = {isa = PBXFileReference; lastKnownFileType = image.png; path = "menu_ico_month_press@2x.png"; sourceTree = "<group>"; };
		1B8D8F4F19A88B4000B72EA5 /* weather-broken@2x.png */ = {isa = PBXFileReference; lastKnownFileType = image.png; path = "weather-broken@2x.png"; sourceTree = "<group>"; };
		1B8D8F5019A88B4000B72EA5 /* weather-clear@2x.png */ = {isa = PBXFileReference; lastKnownFileType = image.png; path = "weather-clear@2x.png"; sourceTree = "<group>"; };
		1B8D8F5119A88B4000B72EA5 /* weather-few-night@2x.png */ = {isa = PBXFileReference; lastKnownFileType = image.png; path = "weather-few-night@2x.png"; sourceTree = "<group>"; };
		1B8D8F5219A88B4000B72EA5 /* weather-few@2x.png */ = {isa = PBXFileReference; lastKnownFileType = image.png; path = "weather-few@2x.png"; sourceTree = "<group>"; };
		1B8D8F5319A88B4000B72EA5 /* weather-mist@2x.png */ = {isa = PBXFileReference; lastKnownFileType = image.png; path = "weather-mist@2x.png"; sourceTree = "<group>"; };
		1B8D8F5419A88B4000B72EA5 /* weather-moon@2x.png */ = {isa = PBXFileReference; lastKnownFileType = image.png; path = "weather-moon@2x.png"; sourceTree = "<group>"; };
		1B8D8F5519A88B4000B72EA5 /* weather-rain-night@2x.png */ = {isa = PBXFileReference; lastKnownFileType = image.png; path = "weather-rain-night@2x.png"; sourceTree = "<group>"; };
		1B8D8F5619A88B4000B72EA5 /* weather-rain@2x.png */ = {isa = PBXFileReference; lastKnownFileType = image.png; path = "weather-rain@2x.png"; sourceTree = "<group>"; };
		1B8D8F5719A88B4000B72EA5 /* weather-scattered@2x.png */ = {isa = PBXFileReference; lastKnownFileType = image.png; path = "weather-scattered@2x.png"; sourceTree = "<group>"; };
		1B8D8F5819A88B4000B72EA5 /* weather-shower@2x.png */ = {isa = PBXFileReference; lastKnownFileType = image.png; path = "weather-shower@2x.png"; sourceTree = "<group>"; };
		1B8D8F5919A88B4000B72EA5 /* weather-snow@2x.png */ = {isa = PBXFileReference; lastKnownFileType = image.png; path = "weather-snow@2x.png"; sourceTree = "<group>"; };
		1B8D8F5A19A88B4000B72EA5 /* weather-tstorm@2x.png */ = {isa = PBXFileReference; lastKnownFileType = image.png; path = "weather-tstorm@2x.png"; sourceTree = "<group>"; };
		1B8D8F5C19A88B4000B72EA5 /* JYCalendarUtil.h */ = {isa = PBXFileReference; fileEncoding = 4; lastKnownFileType = sourcecode.c.h; path = JYCalendarUtil.h; sourceTree = "<group>"; };
		1B8D8F5D19A88B4000B72EA5 /* JYCalendarUtil.m */ = {isa = PBXFileReference; fileEncoding = 4; lastKnownFileType = sourcecode.c.objc; path = JYCalendarUtil.m; sourceTree = "<group>"; };
		1B8D8F6019A88B4000B72EA5 /* JYCalendarMonthPickerLayout.h */ = {isa = PBXFileReference; fileEncoding = 4; lastKnownFileType = sourcecode.c.h; path = JYCalendarMonthPickerLayout.h; sourceTree = "<group>"; };
		1B8D8F6119A88B4000B72EA5 /* JYCalendarMonthPickerLayout.m */ = {isa = PBXFileReference; fileEncoding = 4; lastKnownFileType = sourcecode.c.objc; path = JYCalendarMonthPickerLayout.m; sourceTree = "<group>"; };
		1B8D8F6219A88B4000B72EA5 /* JYCalendarMonthPickerView.h */ = {isa = PBXFileReference; fileEncoding = 4; lastKnownFileType = sourcecode.c.h; path = JYCalendarMonthPickerView.h; sourceTree = "<group>"; };
		1B8D8F6319A88B4000B72EA5 /* JYCalendarMonthPickerView.m */ = {isa = PBXFileReference; fileEncoding = 4; lastKnownFileType = sourcecode.c.objc; path = JYCalendarMonthPickerView.m; sourceTree = "<group>"; };
		1B8D8F6419A88B4000B72EA5 /* JYCalendarMonthPickerViewCell.h */ = {isa = PBXFileReference; fileEncoding = 4; lastKnownFileType = sourcecode.c.h; path = JYCalendarMonthPickerViewCell.h; sourceTree = "<group>"; };
		1B8D8F6519A88B4000B72EA5 /* JYCalendarMonthPickerViewCell.m */ = {isa = PBXFileReference; fileEncoding = 4; lastKnownFileType = sourcecode.c.objc; path = JYCalendarMonthPickerViewCell.m; sourceTree = "<group>"; };
		1B8D8F6719A88B4000B72EA5 /* JYCalendarDateDetailEmptyCell.h */ = {isa = PBXFileReference; fileEncoding = 4; lastKnownFileType = sourcecode.c.h; path = JYCalendarDateDetailEmptyCell.h; sourceTree = "<group>"; };
		1B8D8F6819A88B4000B72EA5 /* JYCalendarDateDetailEmptyCell.m */ = {isa = PBXFileReference; fileEncoding = 4; lastKnownFileType = sourcecode.c.objc; path = JYCalendarDateDetailEmptyCell.m; sourceTree = "<group>"; };
		1B8D8F6919A88B4000B72EA5 /* JYCalendarDateDetailListCell.h */ = {isa = PBXFileReference; fileEncoding = 4; lastKnownFileType = sourcecode.c.h; path = JYCalendarDateDetailListCell.h; sourceTree = "<group>"; };
		1B8D8F6A19A88B4000B72EA5 /* JYCalendarDateDetailListCell.m */ = {isa = PBXFileReference; fileEncoding = 4; lastKnownFileType = sourcecode.c.objc; path = JYCalendarDateDetailListCell.m; sourceTree = "<group>"; };
		1B8D8F6B19A88B4000B72EA5 /* JYCalendarDateView.h */ = {isa = PBXFileReference; fileEncoding = 4; lastKnownFileType = sourcecode.c.h; path = JYCalendarDateView.h; sourceTree = "<group>"; };
		1B8D8F6C19A88B4000B72EA5 /* JYCalendarDateView.m */ = {isa = PBXFileReference; fileEncoding = 4; lastKnownFileType = sourcecode.c.objc; path = JYCalendarDateView.m; sourceTree = "<group>"; };
		1B8D8F6D19A88B4000B72EA5 /* JYCalendarMonthCell.h */ = {isa = PBXFileReference; fileEncoding = 4; lastKnownFileType = sourcecode.c.h; path = JYCalendarMonthCell.h; sourceTree = "<group>"; };
		1B8D8F6E19A88B4000B72EA5 /* JYCalendarMonthCell.m */ = {isa = PBXFileReference; fileEncoding = 4; lastKnownFileType = sourcecode.c.objc; path = JYCalendarMonthCell.m; sourceTree = "<group>"; };
		1B8D8F6F19A88B4000B72EA5 /* JYCalendarTitleView.h */ = {isa = PBXFileReference; fileEncoding = 4; lastKnownFileType = sourcecode.c.h; path = JYCalendarTitleView.h; sourceTree = "<group>"; };
		1B8D8F7019A88B4000B72EA5 /* JYCalendarTitleView.m */ = {isa = PBXFileReference; fileEncoding = 4; lastKnownFileType = sourcecode.c.objc; path = JYCalendarTitleView.m; sourceTree = "<group>"; };
		1B8D8F7119A88B4000B72EA5 /* JYCalendarWeekDetailView.h */ = {isa = PBXFileReference; fileEncoding = 4; lastKnownFileType = sourcecode.c.h; path = JYCalendarWeekDetailView.h; sourceTree = "<group>"; };
		1B8D8F7219A88B4100B72EA5 /* JYCalendarWeekDetailView.m */ = {isa = PBXFileReference; fileEncoding = 4; lastKnownFileType = sourcecode.c.objc; path = JYCalendarWeekDetailView.m; sourceTree = "<group>"; };
		1B8D8F7319A88B4100B72EA5 /* JYCalendarWeekView.h */ = {isa = PBXFileReference; fileEncoding = 4; lastKnownFileType = sourcecode.c.h; path = JYCalendarWeekView.h; sourceTree = "<group>"; };
		1B8D8F7419A88B4100B72EA5 /* JYCalendarWeekView.m */ = {isa = PBXFileReference; fileEncoding = 4; lastKnownFileType = sourcecode.c.objc; path = JYCalendarWeekView.m; sourceTree = "<group>"; };
		1B8D8F7619A88B4100B72EA5 /* JYCalendarMenuView.h */ = {isa = PBXFileReference; fileEncoding = 4; lastKnownFileType = sourcecode.c.h; path = JYCalendarMenuView.h; sourceTree = "<group>"; };
		1B8D8F7719A88B4100B72EA5 /* JYCalendarMenuView.m */ = {isa = PBXFileReference; fileEncoding = 4; lastKnownFileType = sourcecode.c.objc; path = JYCalendarMenuView.m; sourceTree = "<group>"; };
		3E8025D156264A94B8A692B9 /* libPods.a */ = {isa = PBXFileReference; explicitFileType = archive.ar; includeInIndex = 0; path = libPods.a; sourceTree = BUILT_PRODUCTS_DIR; };
		4C788CF0AED84C6D9C4775AD /* Pods.xcconfig */ = {isa = PBXFileReference; includeInIndex = 1; lastKnownFileType = text.xcconfig; name = Pods.xcconfig; path = Pods/Pods.xcconfig; sourceTree = "<group>"; };
/* End PBXFileReference section */

/* Begin PBXFrameworksBuildPhase section */
		1B8D8EDF19A88A6B00B72EA5 /* Frameworks */ = {
			isa = PBXFrameworksBuildPhase;
			buildActionMask = 2147483647;
			files = (
				1B8D8EE819A88A6B00B72EA5 /* CoreGraphics.framework in Frameworks */,
				1B8D8EEA19A88A6B00B72EA5 /* UIKit.framework in Frameworks */,
				1B8D8EE619A88A6B00B72EA5 /* Foundation.framework in Frameworks */,
				7B3EF61C3E974614912EE745 /* libPods.a in Frameworks */,
			);
			runOnlyForDeploymentPostprocessing = 0;
		};
		1B8D8EFA19A88A6B00B72EA5 /* Frameworks */ = {
			isa = PBXFrameworksBuildPhase;
			buildActionMask = 2147483647;
			files = (
				1B8D8EFF19A88A6B00B72EA5 /* XCTest.framework in Frameworks */,
				1B8D8F0119A88A6B00B72EA5 /* UIKit.framework in Frameworks */,
				1B8D8F0019A88A6B00B72EA5 /* Foundation.framework in Frameworks */,
			);
			runOnlyForDeploymentPostprocessing = 0;
		};
/* End PBXFrameworksBuildPhase section */

/* Begin PBXGroup section */
		1B8D8ED919A88A6B00B72EA5 = {
			isa = PBXGroup;
			children = (
				1B8D8F1419A88B4000B72EA5 /* JYCalendar */,
				1B8D8EEB19A88A6B00B72EA5 /* JYCalendarDemo */,
				1B8D8F0419A88A6B00B72EA5 /* JYCalendarDemoTests */,
				1B8D8EE419A88A6B00B72EA5 /* Frameworks */,
				1B8D8EE319A88A6B00B72EA5 /* Products */,
				4C788CF0AED84C6D9C4775AD /* Pods.xcconfig */,
			);
			sourceTree = "<group>";
		};
		1B8D8EE319A88A6B00B72EA5 /* Products */ = {
			isa = PBXGroup;
			children = (
				1B8D8EE219A88A6B00B72EA5 /* JYCalendarDemo.app */,
				1B8D8EFD19A88A6B00B72EA5 /* JYCalendarDemoTests.xctest */,
			);
			name = Products;
			sourceTree = "<group>";
		};
		1B8D8EE419A88A6B00B72EA5 /* Frameworks */ = {
			isa = PBXGroup;
			children = (
				1B8D8EE519A88A6B00B72EA5 /* Foundation.framework */,
				1B8D8EE719A88A6B00B72EA5 /* CoreGraphics.framework */,
				1B8D8EE919A88A6B00B72EA5 /* UIKit.framework */,
				1B8D8EFE19A88A6B00B72EA5 /* XCTest.framework */,
				3E8025D156264A94B8A692B9 /* libPods.a */,
			);
			name = Frameworks;
			sourceTree = "<group>";
		};
		1B8D8EEB19A88A6B00B72EA5 /* JYCalendarDemo */ = {
			isa = PBXGroup;
			children = (
				1B8D8EF419A88A6B00B72EA5 /* ISUAppDelegate.h */,
				1B8D8EF519A88A6B00B72EA5 /* ISUAppDelegate.m */,
				1B8D8EF719A88A6B00B72EA5 /* Images.xcassets */,
				1B8D8EEC19A88A6B00B72EA5 /* Supporting Files */,
			);
			path = JYCalendarDemo;
			sourceTree = "<group>";
		};
		1B8D8EEC19A88A6B00B72EA5 /* Supporting Files */ = {
			isa = PBXGroup;
			children = (
				1B8D8EED19A88A6B00B72EA5 /* JYCalendarDemo-Info.plist */,
				1B8D8EEE19A88A6B00B72EA5 /* InfoPlist.strings */,
				1B8D8EF119A88A6B00B72EA5 /* main.m */,
				1B8D8EF319A88A6B00B72EA5 /* JYCalendarDemo-Prefix.pch */,
			);
			name = "Supporting Files";
			sourceTree = "<group>";
		};
		1B8D8F0419A88A6B00B72EA5 /* JYCalendarDemoTests */ = {
			isa = PBXGroup;
			children = (
				1B8D8F0A19A88A6B00B72EA5 /* JYCalendarDemoTests.m */,
				1B8D8F0519A88A6B00B72EA5 /* Supporting Files */,
			);
			path = JYCalendarDemoTests;
			sourceTree = "<group>";
		};
		1B8D8F0519A88A6B00B72EA5 /* Supporting Files */ = {
			isa = PBXGroup;
			children = (
				1B8D8F0619A88A6B00B72EA5 /* JYCalendarDemoTests-Info.plist */,
				1B8D8F0719A88A6B00B72EA5 /* InfoPlist.strings */,
			);
			name = "Supporting Files";
			sourceTree = "<group>";
		};
		1B8D8F1419A88B4000B72EA5 /* JYCalendar */ = {
			isa = PBXGroup;
			children = (
				1B8D8F1519A88B4000B72EA5 /* Categories */,
				1B8D8F1E19A88B4000B72EA5 /* Controllers */,
				1B8D8F2119A88B4000B72EA5 /* Models */,
				1B8D8F2C19A88B4000B72EA5 /* Sources */,
				1B8D8F5B19A88B4000B72EA5 /* Utilities */,
				1B8D8F5E19A88B4000B72EA5 /* Views */,
			);
			name = JYCalendar;
			path = ../JYCalendar;
			sourceTree = "<group>";
		};
		1B8D8F1519A88B4000B72EA5 /* Categories */ = {
			isa = PBXGroup;
			children = (
				1B8D8F1619A88B4000B72EA5 /* NSCalendar+JYCalendar.h */,
				1B8D8F1719A88B4000B72EA5 /* NSCalendar+JYCalendar.m */,
				1B8D8F1819A88B4000B72EA5 /* NSDate+JYCalendar.h */,
				1B8D8F1919A88B4000B72EA5 /* NSDate+JYCalendar.m */,
				1B8D8F1A19A88B4000B72EA5 /* NSString+JYCalendar.h */,
				1B8D8F1B19A88B4000B72EA5 /* NSString+JYCalendar.m */,
				1B8D8F1C19A88B4000B72EA5 /* UIView+JYCalendar.h */,
				1B8D8F1D19A88B4000B72EA5 /* UIView+JYCalendar.m */,
			);
			path = Categories;
			sourceTree = "<group>";
		};
		1B8D8F1E19A88B4000B72EA5 /* Controllers */ = {
			isa = PBXGroup;
			children = (
				1B8D8F1F19A88B4000B72EA5 /* JYCalendarViewController.h */,
				1B8D8F2019A88B4000B72EA5 /* JYCalendarViewController.m */,
			);
			path = Controllers;
			sourceTree = "<group>";
		};
		1B8D8F2119A88B4000B72EA5 /* Models */ = {
			isa = PBXGroup;
			children = (
				1B8D8F2219A88B4000B72EA5 /* JYClient.h */,
				1B8D8F2319A88B4000B72EA5 /* JYClient.m */,
				1B8D8F2419A88B4000B72EA5 /* JYCondition.h */,
				1B8D8F2519A88B4000B72EA5 /* JYCondition.m */,
				1B8D8F2619A88B4000B72EA5 /* JYDate.h */,
				1B8D8F2719A88B4000B72EA5 /* JYDate.m */,
				1B8D8F2819A88B4000B72EA5 /* JYEvent.h */,
				1B8D8F2919A88B4000B72EA5 /* JYEvent.m */,
				1B8D8F2A19A88B4000B72EA5 /* JYWeatherManager.h */,
				1B8D8F2B19A88B4000B72EA5 /* JYWeatherManager.m */,
			);
			path = Models;
			sourceTree = "<group>";
		};
		1B8D8F2C19A88B4000B72EA5 /* Sources */ = {
			isa = PBXGroup;
			children = (
				1B8D8F2D19A88B4000B72EA5 /* Images */,
			);
			path = Sources;
			sourceTree = "<group>";
		};
		1B8D8F2D19A88B4000B72EA5 /* Images */ = {
			isa = PBXGroup;
			children = (
				1B8D8F2E19A88B4000B72EA5 /* Icons */,
				1B8D8F4E19A88B4000B72EA5 /* Weather */,
			);
			path = Images;
			sourceTree = "<group>";
		};
		1B8D8F2E19A88B4000B72EA5 /* Icons */ = {
			isa = PBXGroup;
			children = (
				1B8D8F2F19A88B4000B72EA5 /* clock@2x.png */,
				1B8D8F3019A88B4000B72EA5 /* clock_hand@2x.png */,
				1B8D8F3119A88B4000B72EA5 /* comm_bg_picker_time@2x.png */,
				1B8D8F3219A88B4000B72EA5 /* comm_btn_popup_next_normal@2x.png */,
				1B8D8F3319A88B4000B72EA5 /* comm_btn_popup_next_press@2x.png */,
				1B8D8F3419A88B4000B72EA5 /* comm_btn_popup_prev_normal@2x.png */,
				1B8D8F3519A88B4000B72EA5 /* comm_btn_popup_prev_press@2x.png */,
				1B8D8F3619A88B4000B72EA5 /* comm_ico_timeline_all@2x.png */,
				1B8D8F3719A88B4000B72EA5 /* comm_ico_timeline_am@2x.png */,
				1B8D8F3819A88B4000B72EA5 /* comm_ico_timeline_pm@2x.png */,
				1B8D8F3919A88B4000B72EA5 /* detail_btn_write_normal@2x.png */,
				1B8D8F3A19A88B4000B72EA5 /* detail_btn_write_press@2x.png */,
				1B8D8F3B19A88B4000B72EA5 /* detail_ico_schedule_none@2x.png */,
				1B8D8F3C19A88B4000B72EA5 /* gnb_btn_menu_normal@2x.png */,
				1B8D8F3D19A88B4000B72EA5 /* gnb_btn_menu_press@2x.png */,
				1B8D8F3E19A88B4000B72EA5 /* gnb_btn_today_normal@2x.png */,
				1B8D8F3F19A88B4000B72EA5 /* gnb_btn_today_press@2x.png */,
				1B8D8F4019A88B4000B72EA5 /* menu_bg_loading@2x.png */,
				1B8D8F4119A88B4000B72EA5 /* menu_btn_close_normal@2x.png */,
				1B8D8F4219A88B4000B72EA5 /* menu_btn_close_press@2x.png */,
				1B8D8F4319A88B4000B72EA5 /* menu_btn_setting_normal@2x.png */,
				1B8D8F4419A88B4000B72EA5 /* menu_btn_setting_press@2x.png */,
				1B8D8F4519A88B4000B72EA5 /* menu_div_line@2x.png */,
				1B8D8F4619A88B4000B72EA5 /* menu_ico_calendar_normal@2x.png */,
				1B8D8F4719A88B4000B72EA5 /* menu_ico_calendar_press@2x.png */,
				1B8D8F4819A88B4000B72EA5 /* menu_ico_day_normal@2x.png */,
				1B8D8F4919A88B4000B72EA5 /* menu_ico_day_press@2x.png */,
				1B8D8F4A19A88B4000B72EA5 /* menu_ico_list_normal@2x.png */,
				1B8D8F4B19A88B4000B72EA5 /* menu_ico_list_press@2x.png */,
				1B8D8F4C19A88B4000B72EA5 /* menu_ico_month_normal@2x.png */,
				1B8D8F4D19A88B4000B72EA5 /* menu_ico_month_press@2x.png */,
			);
			path = Icons;
			sourceTree = "<group>";
		};
		1B8D8F4E19A88B4000B72EA5 /* Weather */ = {
			isa = PBXGroup;
			children = (
				1B8D8F4F19A88B4000B72EA5 /* weather-broken@2x.png */,
				1B8D8F5019A88B4000B72EA5 /* weather-clear@2x.png */,
				1B8D8F5119A88B4000B72EA5 /* weather-few-night@2x.png */,
				1B8D8F5219A88B4000B72EA5 /* weather-few@2x.png */,
				1B8D8F5319A88B4000B72EA5 /* weather-mist@2x.png */,
				1B8D8F5419A88B4000B72EA5 /* weather-moon@2x.png */,
				1B8D8F5519A88B4000B72EA5 /* weather-rain-night@2x.png */,
				1B8D8F5619A88B4000B72EA5 /* weather-rain@2x.png */,
				1B8D8F5719A88B4000B72EA5 /* weather-scattered@2x.png */,
				1B8D8F5819A88B4000B72EA5 /* weather-shower@2x.png */,
				1B8D8F5919A88B4000B72EA5 /* weather-snow@2x.png */,
				1B8D8F5A19A88B4000B72EA5 /* weather-tstorm@2x.png */,
			);
			path = Weather;
			sourceTree = "<group>";
		};
		1B8D8F5B19A88B4000B72EA5 /* Utilities */ = {
			isa = PBXGroup;
			children = (
				1B8D8F5C19A88B4000B72EA5 /* JYCalendarUtil.h */,
				1B8D8F5D19A88B4000B72EA5 /* JYCalendarUtil.m */,
			);
			path = Utilities;
			sourceTree = "<group>";
		};
		1B8D8F5E19A88B4000B72EA5 /* Views */ = {
			isa = PBXGroup;
			children = (
				1B8D8F5F19A88B4000B72EA5 /* Header */,
				1B8D8F6619A88B4000B72EA5 /* Main */,
				1B8D8F7519A88B4100B72EA5 /* Menu */,
			);
			path = Views;
			sourceTree = "<group>";
		};
		1B8D8F5F19A88B4000B72EA5 /* Header */ = {
			isa = PBXGroup;
			children = (
				1B8D8F6019A88B4000B72EA5 /* JYCalendarMonthPickerLayout.h */,
				1B8D8F6119A88B4000B72EA5 /* JYCalendarMonthPickerLayout.m */,
				1B8D8F6219A88B4000B72EA5 /* JYCalendarMonthPickerView.h */,
				1B8D8F6319A88B4000B72EA5 /* JYCalendarMonthPickerView.m */,
				1B8D8F6419A88B4000B72EA5 /* JYCalendarMonthPickerViewCell.h */,
				1B8D8F6519A88B4000B72EA5 /* JYCalendarMonthPickerViewCell.m */,
			);
			path = Header;
			sourceTree = "<group>";
		};
		1B8D8F6619A88B4000B72EA5 /* Main */ = {
			isa = PBXGroup;
			children = (
				1B8D8F6719A88B4000B72EA5 /* JYCalendarDateDetailEmptyCell.h */,
				1B8D8F6819A88B4000B72EA5 /* JYCalendarDateDetailEmptyCell.m */,
				1B8D8F6919A88B4000B72EA5 /* JYCalendarDateDetailListCell.h */,
				1B8D8F6A19A88B4000B72EA5 /* JYCalendarDateDetailListCell.m */,
				1B8D8F6B19A88B4000B72EA5 /* JYCalendarDateView.h */,
				1B8D8F6C19A88B4000B72EA5 /* JYCalendarDateView.m */,
				1B8D8F6D19A88B4000B72EA5 /* JYCalendarMonthCell.h */,
				1B8D8F6E19A88B4000B72EA5 /* JYCalendarMonthCell.m */,
				1B8D8F6F19A88B4000B72EA5 /* JYCalendarTitleView.h */,
				1B8D8F7019A88B4000B72EA5 /* JYCalendarTitleView.m */,
				1B8D8F7119A88B4000B72EA5 /* JYCalendarWeekDetailView.h */,
				1B8D8F7219A88B4100B72EA5 /* JYCalendarWeekDetailView.m */,
				1B8D8F7319A88B4100B72EA5 /* JYCalendarWeekView.h */,
				1B8D8F7419A88B4100B72EA5 /* JYCalendarWeekView.m */,
			);
			path = Main;
			sourceTree = "<group>";
		};
		1B8D8F7519A88B4100B72EA5 /* Menu */ = {
			isa = PBXGroup;
			children = (
				1B8D8F7619A88B4100B72EA5 /* JYCalendarMenuView.h */,
				1B8D8F7719A88B4100B72EA5 /* JYCalendarMenuView.m */,
			);
			path = Menu;
			sourceTree = "<group>";
		};
/* End PBXGroup section */

/* Begin PBXNativeTarget section */
		1B8D8EE119A88A6B00B72EA5 /* JYCalendarDemo */ = {
			isa = PBXNativeTarget;
			buildConfigurationList = 1B8D8F0E19A88A6B00B72EA5 /* Build configuration list for PBXNativeTarget "JYCalendarDemo" */;
			buildPhases = (
				5FD58FB4801748EAB35482D6 /* Check Pods Manifest.lock */,
				1B8D8EDE19A88A6B00B72EA5 /* Sources */,
				1B8D8EDF19A88A6B00B72EA5 /* Frameworks */,
				1B8D8EE019A88A6B00B72EA5 /* Resources */,
				A6FE62CC799640368016778F /* Copy Pods Resources */,
			);
			buildRules = (
			);
			dependencies = (
			);
			name = JYCalendarDemo;
			productName = JYCalendarDemo;
			productReference = 1B8D8EE219A88A6B00B72EA5 /* JYCalendarDemo.app */;
			productType = "com.apple.product-type.application";
		};
		1B8D8EFC19A88A6B00B72EA5 /* JYCalendarDemoTests */ = {
			isa = PBXNativeTarget;
			buildConfigurationList = 1B8D8F1119A88A6B00B72EA5 /* Build configuration list for PBXNativeTarget "JYCalendarDemoTests" */;
			buildPhases = (
				1B8D8EF919A88A6B00B72EA5 /* Sources */,
				1B8D8EFA19A88A6B00B72EA5 /* Frameworks */,
				1B8D8EFB19A88A6B00B72EA5 /* Resources */,
			);
			buildRules = (
			);
			dependencies = (
				1B8D8F0319A88A6B00B72EA5 /* PBXTargetDependency */,
			);
			name = JYCalendarDemoTests;
			productName = JYCalendarDemoTests;
			productReference = 1B8D8EFD19A88A6B00B72EA5 /* JYCalendarDemoTests.xctest */;
			productType = "com.apple.product-type.bundle.unit-test";
		};
/* End PBXNativeTarget section */

/* Begin PBXProject section */
		1B8D8EDA19A88A6B00B72EA5 /* Project object */ = {
			isa = PBXProject;
			attributes = {
				CLASSPREFIX = ISU;
				LastUpgradeCheck = 0510;
				ORGANIZATIONNAME = "Nanjing University";
				TargetAttributes = {
					1B8D8EFC19A88A6B00B72EA5 = {
						TestTargetID = 1B8D8EE119A88A6B00B72EA5;
					};
				};
			};
			buildConfigurationList = 1B8D8EDD19A88A6B00B72EA5 /* Build configuration list for PBXProject "JYCalendarDemo" */;
			compatibilityVersion = "Xcode 3.2";
			developmentRegion = English;
			hasScannedForEncodings = 0;
			knownRegions = (
				en,
			);
			mainGroup = 1B8D8ED919A88A6B00B72EA5;
			productRefGroup = 1B8D8EE319A88A6B00B72EA5 /* Products */;
			projectDirPath = "";
			projectRoot = "";
			targets = (
				1B8D8EE119A88A6B00B72EA5 /* JYCalendarDemo */,
				1B8D8EFC19A88A6B00B72EA5 /* JYCalendarDemoTests */,
			);
		};
/* End PBXProject section */

/* Begin PBXResourcesBuildPhase section */
		1B8D8EE019A88A6B00B72EA5 /* Resources */ = {
			isa = PBXResourcesBuildPhase;
			buildActionMask = 2147483647;
			files = (
				1B8D8FAA19A88B4100B72EA5 /* weather-shower@2x.png in Resources */,
				1B8D8F8519A88B4100B72EA5 /* comm_btn_popup_next_normal@2x.png in Resources */,
				1B8D8F8919A88B4100B72EA5 /* comm_ico_timeline_all@2x.png in Resources */,
				1B8D8F8319A88B4100B72EA5 /* clock_hand@2x.png in Resources */,
				1B8D8F9E19A88B4100B72EA5 /* menu_ico_list_press@2x.png in Resources */,
				1B8D8FA519A88B4100B72EA5 /* weather-mist@2x.png in Resources */,
				1B8D8FA819A88B4100B72EA5 /* weather-rain@2x.png in Resources */,
				1B8D8F9819A88B4100B72EA5 /* menu_div_line@2x.png in Resources */,
				1B8D8F9D19A88B4100B72EA5 /* menu_ico_list_normal@2x.png in Resources */,
				1B8D8F9C19A88B4100B72EA5 /* menu_ico_day_press@2x.png in Resources */,
				1B8D8F9719A88B4100B72EA5 /* menu_btn_setting_press@2x.png in Resources */,
				1B8D8F9519A88B4100B72EA5 /* menu_btn_close_press@2x.png in Resources */,
				1B8D8F8219A88B4100B72EA5 /* clock@2x.png in Resources */,
				1B8D8EF019A88A6B00B72EA5 /* InfoPlist.strings in Resources */,
				1B8D8FA319A88B4100B72EA5 /* weather-few-night@2x.png in Resources */,
				1B8D8FA019A88B4100B72EA5 /* menu_ico_month_press@2x.png in Resources */,
				1B8D8F8C19A88B4100B72EA5 /* detail_btn_write_normal@2x.png in Resources */,
				1B8D8F8719A88B4100B72EA5 /* comm_btn_popup_prev_normal@2x.png in Resources */,
				1B8D8FA119A88B4100B72EA5 /* weather-broken@2x.png in Resources */,
				1B8D8F8819A88B4100B72EA5 /* comm_btn_popup_prev_press@2x.png in Resources */,
				1B8D8F9B19A88B4100B72EA5 /* menu_ico_day_normal@2x.png in Resources */,
				1B8D8F9A19A88B4100B72EA5 /* menu_ico_calendar_press@2x.png in Resources */,
				1B8D8FA719A88B4100B72EA5 /* weather-rain-night@2x.png in Resources */,
				1B8D8F9619A88B4100B72EA5 /* menu_btn_setting_normal@2x.png in Resources */,
				1B8D8FA619A88B4100B72EA5 /* weather-moon@2x.png in Resources */,
				1B8D8F9919A88B4100B72EA5 /* menu_ico_calendar_normal@2x.png in Resources */,
				1B8D8FA919A88B4100B72EA5 /* weather-scattered@2x.png in Resources */,
				1B8D8F8419A88B4100B72EA5 /* comm_bg_picker_time@2x.png in Resources */,
				1B8D8F9419A88B4100B72EA5 /* menu_btn_close_normal@2x.png in Resources */,
				1B8D8F8B19A88B4100B72EA5 /* comm_ico_timeline_pm@2x.png in Resources */,
				1B8D8F9F19A88B4100B72EA5 /* menu_ico_month_normal@2x.png in Resources */,
				1B8D8FA219A88B4100B72EA5 /* weather-clear@2x.png in Resources */,
				1B8D8F8619A88B4100B72EA5 /* comm_btn_popup_next_press@2x.png in Resources */,
				1B8D8EF819A88A6B00B72EA5 /* Images.xcassets in Resources */,
				1B8D8F9119A88B4100B72EA5 /* gnb_btn_today_normal@2x.png in Resources */,
				1B8D8F9219A88B4100B72EA5 /* gnb_btn_today_press@2x.png in Resources */,
				1B8D8FAB19A88B4100B72EA5 /* weather-snow@2x.png in Resources */,
				1B8D8F8D19A88B4100B72EA5 /* detail_btn_write_press@2x.png in Resources */,
				1B8D8F8F19A88B4100B72EA5 /* gnb_btn_menu_normal@2x.png in Resources */,
				1B8D8FA419A88B4100B72EA5 /* weather-few@2x.png in Resources */,
				1B8D8F8E19A88B4100B72EA5 /* detail_ico_schedule_none@2x.png in Resources */,
				1B8D8F9319A88B4100B72EA5 /* menu_bg_loading@2x.png in Resources */,
				1B8D8FAC19A88B4100B72EA5 /* weather-tstorm@2x.png in Resources */,
				1B8D8F8A19A88B4100B72EA5 /* comm_ico_timeline_am@2x.png in Resources */,
				1B8D8F9019A88B4100B72EA5 /* gnb_btn_menu_press@2x.png in Resources */,
			);
			runOnlyForDeploymentPostprocessing = 0;
		};
		1B8D8EFB19A88A6B00B72EA5 /* Resources */ = {
			isa = PBXResourcesBuildPhase;
			buildActionMask = 2147483647;
			files = (
				1B8D8F0919A88A6B00B72EA5 /* InfoPlist.strings in Resources */,
			);
			runOnlyForDeploymentPostprocessing = 0;
		};
/* End PBXResourcesBuildPhase section */

/* Begin PBXShellScriptBuildPhase section */
		5FD58FB4801748EAB35482D6 /* Check Pods Manifest.lock */ = {
			isa = PBXShellScriptBuildPhase;
			buildActionMask = 2147483647;
			files = (
			);
			inputPaths = (
			);
			name = "Check Pods Manifest.lock";
			outputPaths = (
			);
			runOnlyForDeploymentPostprocessing = 0;
			shellPath = /bin/sh;
			shellScript = "diff \"${PODS_ROOT}/../Podfile.lock\" \"${PODS_ROOT}/Manifest.lock\" > /dev/null\nif [[ $? != 0 ]] ; then\n    cat << EOM\nerror: The sandbox is not in sync with the Podfile.lock. Run 'pod install' or update your CocoaPods installation.\nEOM\n    exit 1\nfi\n";
			showEnvVarsInLog = 0;
		};
		A6FE62CC799640368016778F /* Copy Pods Resources */ = {
			isa = PBXShellScriptBuildPhase;
			buildActionMask = 2147483647;
			files = (
			);
			inputPaths = (
			);
			name = "Copy Pods Resources";
			outputPaths = (
			);
			runOnlyForDeploymentPostprocessing = 0;
			shellPath = /bin/sh;
			shellScript = "\"${SRCROOT}/Pods/Pods-resources.sh\"\n";
			showEnvVarsInLog = 0;
		};
/* End PBXShellScriptBuildPhase section */

/* Begin PBXSourcesBuildPhase section */
		1B8D8EDE19A88A6B00B72EA5 /* Sources */ = {
			isa = PBXSourcesBuildPhase;
			buildActionMask = 2147483647;
			files = (
				1B8D8F7F19A88B4100B72EA5 /* JYDate.m in Sources */,
				1B8D8F7C19A88B4100B72EA5 /* JYCalendarViewController.m in Sources */,
				1B8D8FB719A88B4100B72EA5 /* JYCalendarWeekView.m in Sources */,
				1B8D8FB519A88B4100B72EA5 /* JYCalendarTitleView.m in Sources */,
				1B8D8FB819A88B4100B72EA5 /* JYCalendarMenuView.m in Sources */,
				1B8D8EF619A88A6B00B72EA5 /* ISUAppDelegate.m in Sources */,
				1B8D8F8119A88B4100B72EA5 /* JYWeatherManager.m in Sources */,
				1B8D8F7A19A88B4100B72EA5 /* NSString+JYCalendar.m in Sources */,
				1B8D8FB219A88B4100B72EA5 /* JYCalendarDateDetailListCell.m in Sources */,
				1B8D8FB119A88B4100B72EA5 /* JYCalendarDateDetailEmptyCell.m in Sources */,
				1B8D8FB419A88B4100B72EA5 /* JYCalendarMonthCell.m in Sources */,
				1B8D8FAE19A88B4100B72EA5 /* JYCalendarMonthPickerLayout.m in Sources */,
				1B8D8FB019A88B4100B72EA5 /* JYCalendarMonthPickerViewCell.m in Sources */,
				1B8D8FB319A88B4100B72EA5 /* JYCalendarDateView.m in Sources */,
				1B8D8F7919A88B4100B72EA5 /* NSDate+JYCalendar.m in Sources */,
				1B8D8FAF19A88B4100B72EA5 /* JYCalendarMonthPickerView.m in Sources */,
				1B8D8FAD19A88B4100B72EA5 /* JYCalendarUtil.m in Sources */,
				1B8D8F7B19A88B4100B72EA5 /* UIView+JYCalendar.m in Sources */,
				1B8D8F7E19A88B4100B72EA5 /* JYCondition.m in Sources */,
				1B8D8EF219A88A6B00B72EA5 /* main.m in Sources */,
				1B8D8F7819A88B4100B72EA5 /* NSCalendar+JYCalendar.m in Sources */,
				1B8D8F8019A88B4100B72EA5 /* JYEvent.m in Sources */,
				1B8D8FB619A88B4100B72EA5 /* JYCalendarWeekDetailView.m in Sources */,
				1B8D8F7D19A88B4100B72EA5 /* JYClient.m in Sources */,
			);
			runOnlyForDeploymentPostprocessing = 0;
		};
		1B8D8EF919A88A6B00B72EA5 /* Sources */ = {
			isa = PBXSourcesBuildPhase;
			buildActionMask = 2147483647;
			files = (
				1B8D8F0B19A88A6B00B72EA5 /* JYCalendarDemoTests.m in Sources */,
			);
			runOnlyForDeploymentPostprocessing = 0;
		};
/* End PBXSourcesBuildPhase section */

/* Begin PBXTargetDependency section */
		1B8D8F0319A88A6B00B72EA5 /* PBXTargetDependency */ = {
			isa = PBXTargetDependency;
			target = 1B8D8EE119A88A6B00B72EA5 /* JYCalendarDemo */;
			targetProxy = 1B8D8F0219A88A6B00B72EA5 /* PBXContainerItemProxy */;
		};
/* End PBXTargetDependency section */

/* Begin PBXVariantGroup section */
		1B8D8EEE19A88A6B00B72EA5 /* InfoPlist.strings */ = {
			isa = PBXVariantGroup;
			children = (
				1B8D8EEF19A88A6B00B72EA5 /* en */,
			);
			name = InfoPlist.strings;
			sourceTree = "<group>";
		};
		1B8D8F0719A88A6B00B72EA5 /* InfoPlist.strings */ = {
			isa = PBXVariantGroup;
			children = (
				1B8D8F0819A88A6B00B72EA5 /* en */,
			);
			name = InfoPlist.strings;
			sourceTree = "<group>";
		};
/* End PBXVariantGroup section */

/* Begin XCBuildConfiguration section */
		1B8D8F0C19A88A6B00B72EA5 /* Debug */ = {
			isa = XCBuildConfiguration;
			buildSettings = {
				ALWAYS_SEARCH_USER_PATHS = NO;
				CLANG_CXX_LANGUAGE_STANDARD = "gnu++0x";
				CLANG_CXX_LIBRARY = "libc++";
				CLANG_ENABLE_MODULES = YES;
				CLANG_ENABLE_OBJC_ARC = YES;
				CLANG_WARN_BOOL_CONVERSION = YES;
				CLANG_WARN_CONSTANT_CONVERSION = YES;
				CLANG_WARN_DIRECT_OBJC_ISA_USAGE = YES_ERROR;
				CLANG_WARN_EMPTY_BODY = YES;
				CLANG_WARN_ENUM_CONVERSION = YES;
				CLANG_WARN_INT_CONVERSION = YES;
				CLANG_WARN_OBJC_ROOT_CLASS = YES_ERROR;
				CLANG_WARN__DUPLICATE_METHOD_MATCH = YES;
				"CODE_SIGN_IDENTITY[sdk=iphoneos*]" = "iPhone Developer";
				COPY_PHASE_STRIP = NO;
				GCC_C_LANGUAGE_STANDARD = gnu99;
				GCC_DYNAMIC_NO_PIC = NO;
				GCC_OPTIMIZATION_LEVEL = 0;
				GCC_PREPROCESSOR_DEFINITIONS = (
					"DEBUG=1",
					"$(inherited)",
				);
				GCC_SYMBOLS_PRIVATE_EXTERN = NO;
				GCC_WARN_64_TO_32_BIT_CONVERSION = YES;
				GCC_WARN_ABOUT_RETURN_TYPE = YES_ERROR;
				GCC_WARN_UNDECLARED_SELECTOR = YES;
				GCC_WARN_UNINITIALIZED_AUTOS = YES_AGGRESSIVE;
				GCC_WARN_UNUSED_FUNCTION = YES;
				GCC_WARN_UNUSED_VARIABLE = YES;
				IPHONEOS_DEPLOYMENT_TARGET = 7.1;
				ONLY_ACTIVE_ARCH = YES;
				SDKROOT = iphoneos;
			};
			name = Debug;
		};
		1B8D8F0D19A88A6B00B72EA5 /* Release */ = {
			isa = XCBuildConfiguration;
			buildSettings = {
				ALWAYS_SEARCH_USER_PATHS = NO;
				CLANG_CXX_LANGUAGE_STANDARD = "gnu++0x";
				CLANG_CXX_LIBRARY = "libc++";
				CLANG_ENABLE_MODULES = YES;
				CLANG_ENABLE_OBJC_ARC = YES;
				CLANG_WARN_BOOL_CONVERSION = YES;
				CLANG_WARN_CONSTANT_CONVERSION = YES;
				CLANG_WARN_DIRECT_OBJC_ISA_USAGE = YES_ERROR;
				CLANG_WARN_EMPTY_BODY = YES;
				CLANG_WARN_ENUM_CONVERSION = YES;
				CLANG_WARN_INT_CONVERSION = YES;
				CLANG_WARN_OBJC_ROOT_CLASS = YES_ERROR;
				CLANG_WARN__DUPLICATE_METHOD_MATCH = YES;
				"CODE_SIGN_IDENTITY[sdk=iphoneos*]" = "iPhone Developer";
				COPY_PHASE_STRIP = YES;
				ENABLE_NS_ASSERTIONS = NO;
				GCC_C_LANGUAGE_STANDARD = gnu99;
				GCC_WARN_64_TO_32_BIT_CONVERSION = YES;
				GCC_WARN_ABOUT_RETURN_TYPE = YES_ERROR;
				GCC_WARN_UNDECLARED_SELECTOR = YES;
				GCC_WARN_UNINITIALIZED_AUTOS = YES_AGGRESSIVE;
				GCC_WARN_UNUSED_FUNCTION = YES;
				GCC_WARN_UNUSED_VARIABLE = YES;
				IPHONEOS_DEPLOYMENT_TARGET = 7.1;
				SDKROOT = iphoneos;
				VALIDATE_PRODUCT = YES;
			};
			name = Release;
		};
		1B8D8F0F19A88A6B00B72EA5 /* Debug */ = {
			isa = XCBuildConfiguration;
			baseConfigurationReference = 4C788CF0AED84C6D9C4775AD /* Pods.xcconfig */;
			buildSettings = {
				ASSETCATALOG_COMPILER_APPICON_NAME = AppIcon;
				ASSETCATALOG_COMPILER_LAUNCHIMAGE_NAME = LaunchImage;
				GCC_PRECOMPILE_PREFIX_HEADER = YES;
				GCC_PREFIX_HEADER = "JYCalendarDemo/JYCalendarDemo-Prefix.pch";
				INFOPLIST_FILE = "JYCalendarDemo/JYCalendarDemo-Info.plist";
				PRODUCT_NAME = "$(TARGET_NAME)";
				WRAPPER_EXTENSION = app;
			};
			name = Debug;
		};
		1B8D8F1019A88A6B00B72EA5 /* Release */ = {
			isa = XCBuildConfiguration;
			baseConfigurationReference = 4C788CF0AED84C6D9C4775AD /* Pods.xcconfig */;
			buildSettings = {
				ASSETCATALOG_COMPILER_APPICON_NAME = AppIcon;
				ASSETCATALOG_COMPILER_LAUNCHIMAGE_NAME = LaunchImage;
				GCC_PRECOMPILE_PREFIX_HEADER = YES;
				GCC_PREFIX_HEADER = "JYCalendarDemo/JYCalendarDemo-Prefix.pch";
				INFOPLIST_FILE = "JYCalendarDemo/JYCalendarDemo-Info.plist";
				PRODUCT_NAME = "$(TARGET_NAME)";
				WRAPPER_EXTENSION = app;
			};
			name = Release;
		};
		1B8D8F1219A88A6B00B72EA5 /* Debug */ = {
			isa = XCBuildConfiguration;
			buildSettings = {
				BUNDLE_LOADER = "$(BUILT_PRODUCTS_DIR)/JYCalendarDemo.app/JYCalendarDemo";
				FRAMEWORK_SEARCH_PATHS = (
					"$(SDKROOT)/Developer/Library/Frameworks",
					"$(inherited)",
					"$(DEVELOPER_FRAMEWORKS_DIR)",
				);
				GCC_PRECOMPILE_PREFIX_HEADER = YES;
				GCC_PREFIX_HEADER = "JYCalendarDemo/JYCalendarDemo-Prefix.pch";
				GCC_PREPROCESSOR_DEFINITIONS = (
					"DEBUG=1",
					"$(inherited)",
				);
				INFOPLIST_FILE = "JYCalendarDemoTests/JYCalendarDemoTests-Info.plist";
				PRODUCT_NAME = "$(TARGET_NAME)";
				TEST_HOST = "$(BUNDLE_LOADER)";
				WRAPPER_EXTENSION = xctest;
			};
			name = Debug;
		};
		1B8D8F1319A88A6B00B72EA5 /* Release */ = {
			isa = XCBuildConfiguration;
			buildSettings = {
				BUNDLE_LOADER = "$(BUILT_PRODUCTS_DIR)/JYCalendarDemo.app/JYCalendarDemo";
				FRAMEWORK_SEARCH_PATHS = (
					"$(SDKROOT)/Developer/Library/Frameworks",
					"$(inherited)",
					"$(DEVELOPER_FRAMEWORKS_DIR)",
				);
				GCC_PRECOMPILE_PREFIX_HEADER = YES;
				GCC_PREFIX_HEADER = "JYCalendarDemo/JYCalendarDemo-Prefix.pch";
				INFOPLIST_FILE = "JYCalendarDemoTests/JYCalendarDemoTests-Info.plist";
				PRODUCT_NAME = "$(TARGET_NAME)";
				TEST_HOST = "$(BUNDLE_LOADER)";
				WRAPPER_EXTENSION = xctest;
			};
			name = Release;
		};
/* End XCBuildConfiguration section */

/* Begin XCConfigurationList section */
		1B8D8EDD19A88A6B00B72EA5 /* Build configuration list for PBXProject "JYCalendarDemo" */ = {
			isa = XCConfigurationList;
			buildConfigurations = (
				1B8D8F0C19A88A6B00B72EA5 /* Debug */,
				1B8D8F0D19A88A6B00B72EA5 /* Release */,
			);
			defaultConfigurationIsVisible = 0;
			defaultConfigurationName = Release;
		};
		1B8D8F0E19A88A6B00B72EA5 /* Build configuration list for PBXNativeTarget "JYCalendarDemo" */ = {
			isa = XCConfigurationList;
			buildConfigurations = (
				1B8D8F0F19A88A6B00B72EA5 /* Debug */,
				1B8D8F1019A88A6B00B72EA5 /* Release */,
			);
			defaultConfigurationIsVisible = 0;
			defaultConfigurationName = Release;
		};
		1B8D8F1119A88A6B00B72EA5 /* Build configuration list for PBXNativeTarget "JYCalendarDemoTests" */ = {
			isa = XCConfigurationList;
			buildConfigurations = (
				1B8D8F1219A88A6B00B72EA5 /* Debug */,
				1B8D8F1319A88A6B00B72EA5 /* Release */,
			);
			defaultConfigurationIsVisible = 0;
			defaultConfigurationName = Release;
		};
/* End XCConfigurationList section */
	};
	rootObject = 1B8D8EDA19A88A6B00B72EA5 /* Project object */;
}
